// !$*UTF8*$!
{
	archiveVersion = 1;
	classes = {
	};
	objectVersion = 55;
	objects = {

/* Begin PBXBuildFile section */
		D37A2EAB2A258D1100360CB6 /* AppDelegate.swift in Sources */ = {isa = PBXBuildFile; fileRef = D37A2EAA2A258D1100360CB6 /* AppDelegate.swift */; };
		D37A2EAD2A258D1100360CB6 /* SceneDelegate.swift in Sources */ = {isa = PBXBuildFile; fileRef = D37A2EAC2A258D1100360CB6 /* SceneDelegate.swift */; };
		D37A2EAF2A258D1100360CB6 /* ViewController.swift in Sources */ = {isa = PBXBuildFile; fileRef = D37A2EAE2A258D1100360CB6 /* ViewController.swift */; };
		D37A2EB22A258D1100360CB6 /* Main.storyboard in Resources */ = {isa = PBXBuildFile; fileRef = D37A2EB02A258D1100360CB6 /* Main.storyboard */; };
		D37A2EB42A258D1100360CB6 /* Assets.xcassets in Resources */ = {isa = PBXBuildFile; fileRef = D37A2EB32A258D1100360CB6 /* Assets.xcassets */; };
		D37A2EB72A258D1100360CB6 /* LaunchScreen.storyboard in Resources */ = {isa = PBXBuildFile; fileRef = D37A2EB52A258D1100360CB6 /* LaunchScreen.storyboard */; };
		D37A2EC22A258D1100360CB6 /* ViperPokemon2Tests.swift in Sources */ = {isa = PBXBuildFile; fileRef = D37A2EC12A258D1100360CB6 /* ViperPokemon2Tests.swift */; };
		D37A2ECC2A258D1100360CB6 /* ViperPokemon2UITests.swift in Sources */ = {isa = PBXBuildFile; fileRef = D37A2ECB2A258D1100360CB6 /* ViperPokemon2UITests.swift */; };
		D37A2ECE2A258D1100360CB6 /* ViperPokemon2UITestsLaunchTests.swift in Sources */ = {isa = PBXBuildFile; fileRef = D37A2ECD2A258D1100360CB6 /* ViperPokemon2UITestsLaunchTests.swift */; };
/* End PBXBuildFile section */

/* Begin PBXContainerItemProxy section */
		D37A2EBE2A258D1100360CB6 /* PBXContainerItemProxy */ = {
			isa = PBXContainerItemProxy;
			containerPortal = D37A2E9F2A258D1100360CB6 /* Project object */;
			proxyType = 1;
			remoteGlobalIDString = D37A2EA62A258D1100360CB6;
			remoteInfo = ViperPokemon2;
		};
		D37A2EC82A258D1100360CB6 /* PBXContainerItemProxy */ = {
			isa = PBXContainerItemProxy;
			containerPortal = D37A2E9F2A258D1100360CB6 /* Project object */;
			proxyType = 1;
			remoteGlobalIDString = D37A2EA62A258D1100360CB6;
			remoteInfo = ViperPokemon2;
		};
/* End PBXContainerItemProxy section */

/* Begin PBXFileReference section */
		D37A2EA72A258D1100360CB6 /* ViperPokemon2.app */ = {isa = PBXFileReference; explicitFileType = wrapper.application; includeInIndex = 0; path = ViperPokemon2.app; sourceTree = BUILT_PRODUCTS_DIR; };
		D37A2EAA2A258D1100360CB6 /* AppDelegate.swift */ = {isa = PBXFileReference; lastKnownFileType = sourcecode.swift; path = AppDelegate.swift; sourceTree = "<group>"; };
		D37A2EAC2A258D1100360CB6 /* SceneDelegate.swift */ = {isa = PBXFileReference; lastKnownFileType = sourcecode.swift; path = SceneDelegate.swift; sourceTree = "<group>"; };
		D37A2EAE2A258D1100360CB6 /* ViewController.swift */ = {isa = PBXFileReference; lastKnownFileType = sourcecode.swift; path = ViewController.swift; sourceTree = "<group>"; };
		D37A2EB12A258D1100360CB6 /* Base */ = {isa = PBXFileReference; lastKnownFileType = file.storyboard; name = Base; path = Base.lproj/Main.storyboard; sourceTree = "<group>"; };
		D37A2EB32A258D1100360CB6 /* Assets.xcassets */ = {isa = PBXFileReference; lastKnownFileType = folder.assetcatalog; path = Assets.xcassets; sourceTree = "<group>"; };
		D37A2EB62A258D1100360CB6 /* Base */ = {isa = PBXFileReference; lastKnownFileType = file.storyboard; name = Base; path = Base.lproj/LaunchScreen.storyboard; sourceTree = "<group>"; };
		D37A2EB82A258D1100360CB6 /* Info.plist */ = {isa = PBXFileReference; lastKnownFileType = text.plist.xml; path = Info.plist; sourceTree = "<group>"; };
		D37A2EBD2A258D1100360CB6 /* ViperPokemon2Tests.xctest */ = {isa = PBXFileReference; explicitFileType = wrapper.cfbundle; includeInIndex = 0; path = ViperPokemon2Tests.xctest; sourceTree = BUILT_PRODUCTS_DIR; };
		D37A2EC12A258D1100360CB6 /* ViperPokemon2Tests.swift */ = {isa = PBXFileReference; lastKnownFileType = sourcecode.swift; path = ViperPokemon2Tests.swift; sourceTree = "<group>"; };
		D37A2EC72A258D1100360CB6 /* ViperPokemon2UITests.xctest */ = {isa = PBXFileReference; explicitFileType = wrapper.cfbundle; includeInIndex = 0; path = ViperPokemon2UITests.xctest; sourceTree = BUILT_PRODUCTS_DIR; };
		D37A2ECB2A258D1100360CB6 /* ViperPokemon2UITests.swift */ = {isa = PBXFileReference; lastKnownFileType = sourcecode.swift; path = ViperPokemon2UITests.swift; sourceTree = "<group>"; };
		D37A2ECD2A258D1100360CB6 /* ViperPokemon2UITestsLaunchTests.swift */ = {isa = PBXFileReference; lastKnownFileType = sourcecode.swift; path = ViperPokemon2UITestsLaunchTests.swift; sourceTree = "<group>"; };
/* End PBXFileReference section */

/* Begin PBXFrameworksBuildPhase section */
		D37A2EA42A258D1100360CB6 /* Frameworks */ = {
			isa = PBXFrameworksBuildPhase;
			buildActionMask = 2147483647;
			files = (
			);
			runOnlyForDeploymentPostprocessing = 0;
		};
		D37A2EBA2A258D1100360CB6 /* Frameworks */ = {
			isa = PBXFrameworksBuildPhase;
			buildActionMask = 2147483647;
			files = (
			);
			runOnlyForDeploymentPostprocessing = 0;
		};
		D37A2EC42A258D1100360CB6 /* Frameworks */ = {
			isa = PBXFrameworksBuildPhase;
			buildActionMask = 2147483647;
			files = (
			);
			runOnlyForDeploymentPostprocessing = 0;
		};
/* End PBXFrameworksBuildPhase section */

/* Begin PBXGroup section */
		D37A2E9E2A258D1100360CB6 = {
			isa = PBXGroup;
			children = (
				D37A2EA92A258D1100360CB6 /* ViperPokemon2 */,
				D37A2EC02A258D1100360CB6 /* ViperPokemon2Tests */,
				D37A2ECA2A258D1100360CB6 /* ViperPokemon2UITests */,
				D37A2EA82A258D1100360CB6 /* Products */,
			);
			sourceTree = "<group>";
		};
		D37A2EA82A258D1100360CB6 /* Products */ = {
			isa = PBXGroup;
			children = (
				D37A2EA72A258D1100360CB6 /* ViperPokemon2.app */,
				D37A2EBD2A258D1100360CB6 /* ViperPokemon2Tests.xctest */,
				D37A2EC72A258D1100360CB6 /* ViperPokemon2UITests.xctest */,
			);
			name = Products;
			sourceTree = "<group>";
		};
		D37A2EA92A258D1100360CB6 /* ViperPokemon2 */ = {
			isa = PBXGroup;
			children = (
				D37A2EAA2A258D1100360CB6 /* AppDelegate.swift */,
				D37A2EAC2A258D1100360CB6 /* SceneDelegate.swift */,
				D37A2EAE2A258D1100360CB6 /* ViewController.swift */,
				D37A2EB02A258D1100360CB6 /* Main.storyboard */,
				D37A2EB32A258D1100360CB6 /* Assets.xcassets */,
				D37A2EB52A258D1100360CB6 /* LaunchScreen.storyboard */,
				D37A2EB82A258D1100360CB6 /* Info.plist */,
			);
			path = ViperPokemon2;
			sourceTree = "<group>";
		};
		D37A2EC02A258D1100360CB6 /* ViperPokemon2Tests */ = {
			isa = PBXGroup;
			children = (
				D37A2EC12A258D1100360CB6 /* ViperPokemon2Tests.swift */,
			);
			path = ViperPokemon2Tests;
			sourceTree = "<group>";
		};
		D37A2ECA2A258D1100360CB6 /* ViperPokemon2UITests */ = {
			isa = PBXGroup;
			children = (
				D37A2ECB2A258D1100360CB6 /* ViperPokemon2UITests.swift */,
				D37A2ECD2A258D1100360CB6 /* ViperPokemon2UITestsLaunchTests.swift */,
			);
			path = ViperPokemon2UITests;
			sourceTree = "<group>";
		};
/* End PBXGroup section */

/* Begin PBXNativeTarget section */
		D37A2EA62A258D1100360CB6 /* ViperPokemon2 */ = {
			isa = PBXNativeTarget;
			buildConfigurationList = D37A2ED12A258D1100360CB6 /* Build configuration list for PBXNativeTarget "ViperPokemon2" */;
			buildPhases = (
				D37A2EA32A258D1100360CB6 /* Sources */,
				D37A2EA42A258D1100360CB6 /* Frameworks */,
				D37A2EA52A258D1100360CB6 /* Resources */,
			);
			buildRules = (
			);
			dependencies = (
			);
			name = ViperPokemon2;
			productName = ViperPokemon2;
			productReference = D37A2EA72A258D1100360CB6 /* ViperPokemon2.app */;
			productType = "com.apple.product-type.application";
		};
		D37A2EBC2A258D1100360CB6 /* ViperPokemon2Tests */ = {
			isa = PBXNativeTarget;
			buildConfigurationList = D37A2ED42A258D1100360CB6 /* Build configuration list for PBXNativeTarget "ViperPokemon2Tests" */;
			buildPhases = (
				D37A2EB92A258D1100360CB6 /* Sources */,
				D37A2EBA2A258D1100360CB6 /* Frameworks */,
				D37A2EBB2A258D1100360CB6 /* Resources */,
			);
			buildRules = (
			);
			dependencies = (
				D37A2EBF2A258D1100360CB6 /* PBXTargetDependency */,
			);
			name = ViperPokemon2Tests;
			productName = ViperPokemon2Tests;
			productReference = D37A2EBD2A258D1100360CB6 /* ViperPokemon2Tests.xctest */;
			productType = "com.apple.product-type.bundle.unit-test";
		};
		D37A2EC62A258D1100360CB6 /* ViperPokemon2UITests */ = {
			isa = PBXNativeTarget;
			buildConfigurationList = D37A2ED72A258D1100360CB6 /* Build configuration list for PBXNativeTarget "ViperPokemon2UITests" */;
			buildPhases = (
				D37A2EC32A258D1100360CB6 /* Sources */,
				D37A2EC42A258D1100360CB6 /* Frameworks */,
				D37A2EC52A258D1100360CB6 /* Resources */,
			);
			buildRules = (
			);
			dependencies = (
				D37A2EC92A258D1100360CB6 /* PBXTargetDependency */,
			);
			name = ViperPokemon2UITests;
			productName = ViperPokemon2UITests;
			productReference = D37A2EC72A258D1100360CB6 /* ViperPokemon2UITests.xctest */;
			productType = "com.apple.product-type.bundle.ui-testing";
		};
/* End PBXNativeTarget section */

/* Begin PBXProject section */
		D37A2E9F2A258D1100360CB6 /* Project object */ = {
			isa = PBXProject;
			attributes = {
				BuildIndependentTargetsInParallel = 1;
				LastSwiftUpdateCheck = 1340;
				LastUpgradeCheck = 1340;
				TargetAttributes = {
					D37A2EA62A258D1100360CB6 = {
						CreatedOnToolsVersion = 13.4.1;
					};
					D37A2EBC2A258D1100360CB6 = {
						CreatedOnToolsVersion = 13.4.1;
						TestTargetID = D37A2EA62A258D1100360CB6;
					};
					D37A2EC62A258D1100360CB6 = {
						CreatedOnToolsVersion = 13.4.1;
						TestTargetID = D37A2EA62A258D1100360CB6;
					};
				};
			};
			buildConfigurationList = D37A2EA22A258D1100360CB6 /* Build configuration list for PBXProject "ViperPokemon2" */;
			compatibilityVersion = "Xcode 13.0";
			developmentRegion = en;
			hasScannedForEncodings = 0;
			knownRegions = (
				en,
				Base,
			);
			mainGroup = D37A2E9E2A258D1100360CB6;
			productRefGroup = D37A2EA82A258D1100360CB6 /* Products */;
			projectDirPath = "";
			projectRoot = "";
			targets = (
				D37A2EA62A258D1100360CB6 /* ViperPokemon2 */,
				D37A2EBC2A258D1100360CB6 /* ViperPokemon2Tests */,
				D37A2EC62A258D1100360CB6 /* ViperPokemon2UITests */,
			);
		};
/* End PBXProject section */

/* Begin PBXResourcesBuildPhase section */
		D37A2EA52A258D1100360CB6 /* Resources */ = {
			isa = PBXResourcesBuildPhase;
			buildActionMask = 2147483647;
			files = (
				D37A2EB72A258D1100360CB6 /* LaunchScreen.storyboard in Resources */,
				D37A2EB42A258D1100360CB6 /* Assets.xcassets in Resources */,
				D37A2EB22A258D1100360CB6 /* Main.storyboard in Resources */,
			);
			runOnlyForDeploymentPostprocessing = 0;
		};
		D37A2EBB2A258D1100360CB6 /* Resources */ = {
			isa = PBXResourcesBuildPhase;
			buildActionMask = 2147483647;
			files = (
			);
			runOnlyForDeploymentPostprocessing = 0;
		};
		D37A2EC52A258D1100360CB6 /* Resources */ = {
			isa = PBXResourcesBuildPhase;
			buildActionMask = 2147483647;
			files = (
			);
			runOnlyForDeploymentPostprocessing = 0;
		};
/* End PBXResourcesBuildPhase section */

/* Begin PBXSourcesBuildPhase section */
		D37A2EA32A258D1100360CB6 /* Sources */ = {
			isa = PBXSourcesBuildPhase;
			buildActionMask = 2147483647;
			files = (
				D37A2EAF2A258D1100360CB6 /* ViewController.swift in Sources */,
				D37A2EAB2A258D1100360CB6 /* AppDelegate.swift in Sources */,
				D37A2EAD2A258D1100360CB6 /* SceneDelegate.swift in Sources */,
			);
			runOnlyForDeploymentPostprocessing = 0;
		};
		D37A2EB92A258D1100360CB6 /* Sources */ = {
			isa = PBXSourcesBuildPhase;
			buildActionMask = 2147483647;
			files = (
				D37A2EC22A258D1100360CB6 /* ViperPokemon2Tests.swift in Sources */,
			);
			runOnlyForDeploymentPostprocessing = 0;
		};
		D37A2EC32A258D1100360CB6 /* Sources */ = {
			isa = PBXSourcesBuildPhase;
			buildActionMask = 2147483647;
			files = (
				D37A2ECE2A258D1100360CB6 /* ViperPokemon2UITestsLaunchTests.swift in Sources */,
				D37A2ECC2A258D1100360CB6 /* ViperPokemon2UITests.swift in Sources */,
			);
			runOnlyForDeploymentPostprocessing = 0;
		};
/* End PBXSourcesBuildPhase section */

/* Begin PBXTargetDependency section */
		D37A2EBF2A258D1100360CB6 /* PBXTargetDependency */ = {
			isa = PBXTargetDependency;
			target = D37A2EA62A258D1100360CB6 /* ViperPokemon2 */;
			targetProxy = D37A2EBE2A258D1100360CB6 /* PBXContainerItemProxy */;
		};
		D37A2EC92A258D1100360CB6 /* PBXTargetDependency */ = {
			isa = PBXTargetDependency;
			target = D37A2EA62A258D1100360CB6 /* ViperPokemon2 */;
			targetProxy = D37A2EC82A258D1100360CB6 /* PBXContainerItemProxy */;
		};
/* End PBXTargetDependency section */

/* Begin PBXVariantGroup section */
		D37A2EB02A258D1100360CB6 /* Main.storyboard */ = {
			isa = PBXVariantGroup;
			children = (
				D37A2EB12A258D1100360CB6 /* Base */,
			);
			name = Main.storyboard;
			sourceTree = "<group>";
		};
		D37A2EB52A258D1100360CB6 /* LaunchScreen.storyboard */ = {
			isa = PBXVariantGroup;
			children = (
				D37A2EB62A258D1100360CB6 /* Base */,
			);
			name = LaunchScreen.storyboard;
			sourceTree = "<group>";
		};
/* End PBXVariantGroup section */

/* Begin XCBuildConfiguration section */
		D37A2ECF2A258D1100360CB6 /* Debug */ = {
			isa = XCBuildConfiguration;
			buildSettings = {
				ALWAYS_SEARCH_USER_PATHS = NO;
				CLANG_ANALYZER_NONNULL = YES;
				CLANG_ANALYZER_NUMBER_OBJECT_CONVERSION = YES_AGGRESSIVE;
				CLANG_CXX_LANGUAGE_STANDARD = "gnu++17";
				CLANG_ENABLE_MODULES = YES;
				CLANG_ENABLE_OBJC_ARC = YES;
				CLANG_ENABLE_OBJC_WEAK = YES;
				CLANG_WARN_BLOCK_CAPTURE_AUTORELEASING = YES;
				CLANG_WARN_BOOL_CONVERSION = YES;
				CLANG_WARN_COMMA = YES;
				CLANG_WARN_CONSTANT_CONVERSION = YES;
				CLANG_WARN_DEPRECATED_OBJC_IMPLEMENTATIONS = YES;
				CLANG_WARN_DIRECT_OBJC_ISA_USAGE = YES_ERROR;
				CLANG_WARN_DOCUMENTATION_COMMENTS = YES;
				CLANG_WARN_EMPTY_BODY = YES;
				CLANG_WARN_ENUM_CONVERSION = YES;
				CLANG_WARN_INFINITE_RECURSION = YES;
				CLANG_WARN_INT_CONVERSION = YES;
				CLANG_WARN_NON_LITERAL_NULL_CONVERSION = YES;
				CLANG_WARN_OBJC_IMPLICIT_RETAIN_SELF = YES;
				CLANG_WARN_OBJC_LITERAL_CONVERSION = YES;
				CLANG_WARN_OBJC_ROOT_CLASS = YES_ERROR;
				CLANG_WARN_QUOTED_INCLUDE_IN_FRAMEWORK_HEADER = YES;
				CLANG_WARN_RANGE_LOOP_ANALYSIS = YES;
				CLANG_WARN_STRICT_PROTOTYPES = YES;
				CLANG_WARN_SUSPICIOUS_MOVE = YES;
				CLANG_WARN_UNGUARDED_AVAILABILITY = YES_AGGRESSIVE;
				CLANG_WARN_UNREACHABLE_CODE = YES;
				CLANG_WARN__DUPLICATE_METHOD_MATCH = YES;
				COPY_PHASE_STRIP = NO;
				DEBUG_INFORMATION_FORMAT = dwarf;
				ENABLE_STRICT_OBJC_MSGSEND = YES;
				ENABLE_TESTABILITY = YES;
				GCC_C_LANGUAGE_STANDARD = gnu11;
				GCC_DYNAMIC_NO_PIC = NO;
				GCC_NO_COMMON_BLOCKS = YES;
				GCC_OPTIMIZATION_LEVEL = 0;
				GCC_PREPROCESSOR_DEFINITIONS = (
					"DEBUG=1",
					"$(inherited)",
				);
				GCC_WARN_64_TO_32_BIT_CONVERSION = YES;
				GCC_WARN_ABOUT_RETURN_TYPE = YES_ERROR;
				GCC_WARN_UNDECLARED_SELECTOR = YES;
				GCC_WARN_UNINITIALIZED_AUTOS = YES_AGGRESSIVE;
				GCC_WARN_UNUSED_FUNCTION = YES;
				GCC_WARN_UNUSED_VARIABLE = YES;
				IPHONEOS_DEPLOYMENT_TARGET = 15.5;
				MTL_ENABLE_DEBUG_INFO = INCLUDE_SOURCE;
				MTL_FAST_MATH = YES;
				ONLY_ACTIVE_ARCH = YES;
				SDKROOT = iphoneos;
				SWIFT_ACTIVE_COMPILATION_CONDITIONS = DEBUG;
				SWIFT_OPTIMIZATION_LEVEL = "-Onone";
			};
			name = Debug;
		};
		D37A2ED02A258D1100360CB6 /* Release */ = {
			isa = XCBuildConfiguration;
			buildSettings = {
				ALWAYS_SEARCH_USER_PATHS = NO;
				CLANG_ANALYZER_NONNULL = YES;
				CLANG_ANALYZER_NUMBER_OBJECT_CONVERSION = YES_AGGRESSIVE;
				CLANG_CXX_LANGUAGE_STANDARD = "gnu++17";
				CLANG_ENABLE_MODULES = YES;
				CLANG_ENABLE_OBJC_ARC = YES;
				CLANG_ENABLE_OBJC_WEAK = YES;
				CLANG_WARN_BLOCK_CAPTURE_AUTORELEASING = YES;
				CLANG_WARN_BOOL_CONVERSION = YES;
				CLANG_WARN_COMMA = YES;
				CLANG_WARN_CONSTANT_CONVERSION = YES;
				CLANG_WARN_DEPRECATED_OBJC_IMPLEMENTATIONS = YES;
				CLANG_WARN_DIRECT_OBJC_ISA_USAGE = YES_ERROR;
				CLANG_WARN_DOCUMENTATION_COMMENTS = YES;
				CLANG_WARN_EMPTY_BODY = YES;
				CLANG_WARN_ENUM_CONVERSION = YES;
				CLANG_WARN_INFINITE_RECURSION = YES;
				CLANG_WARN_INT_CONVERSION = YES;
				CLANG_WARN_NON_LITERAL_NULL_CONVERSION = YES;
				CLANG_WARN_OBJC_IMPLICIT_RETAIN_SELF = YES;
				CLANG_WARN_OBJC_LITERAL_CONVERSION = YES;
				CLANG_WARN_OBJC_ROOT_CLASS = YES_ERROR;
				CLANG_WARN_QUOTED_INCLUDE_IN_FRAMEWORK_HEADER = YES;
				CLANG_WARN_RANGE_LOOP_ANALYSIS = YES;
				CLANG_WARN_STRICT_PROTOTYPES = YES;
				CLANG_WARN_SUSPICIOUS_MOVE = YES;
				CLANG_WARN_UNGUARDED_AVAILABILITY = YES_AGGRESSIVE;
				CLANG_WARN_UNREACHABLE_CODE = YES;
				CLANG_WARN__DUPLICATE_METHOD_MATCH = YES;
				COPY_PHASE_STRIP = NO;
				DEBUG_INFORMATION_FORMAT = "dwarf-with-dsym";
				ENABLE_NS_ASSERTIONS = NO;
				ENABLE_STRICT_OBJC_MSGSEND = YES;
				GCC_C_LANGUAGE_STANDARD = gnu11;
				GCC_NO_COMMON_BLOCKS = YES;
				GCC_WARN_64_TO_32_BIT_CONVERSION = YES;
				GCC_WARN_ABOUT_RETURN_TYPE = YES_ERROR;
				GCC_WARN_UNDECLARED_SELECTOR = YES;
				GCC_WARN_UNINITIALIZED_AUTOS = YES_AGGRESSIVE;
				GCC_WARN_UNUSED_FUNCTION = YES;
				GCC_WARN_UNUSED_VARIABLE = YES;
				IPHONEOS_DEPLOYMENT_TARGET = 15.5;
				MTL_ENABLE_DEBUG_INFO = NO;
				MTL_FAST_MATH = YES;
				SDKROOT = iphoneos;
				SWIFT_COMPILATION_MODE = wholemodule;
				SWIFT_OPTIMIZATION_LEVEL = "-O";
				VALIDATE_PRODUCT = YES;
			};
			name = Release;
		};
		D37A2ED22A258D1100360CB6 /* Debug */ = {
			isa = XCBuildConfiguration;
			buildSettings = {
				ASSETCATALOG_COMPILER_APPICON_NAME = AppIcon;
				ASSETCATALOG_COMPILER_GLOBAL_ACCENT_COLOR_NAME = AccentColor;
				CODE_SIGN_STYLE = Automatic;
				CURRENT_PROJECT_VERSION = 1;
				DEVELOPMENT_TEAM = 8563359T6V;
				GENERATE_INFOPLIST_FILE = YES;
				INFOPLIST_FILE = ViperPokemon2/Info.plist;
				INFOPLIST_KEY_UIApplicationSupportsIndirectInputEvents = YES;
				INFOPLIST_KEY_UILaunchStoryboardName = LaunchScreen;
				INFOPLIST_KEY_UIMainStoryboardFile = Main;
				INFOPLIST_KEY_UISupportedInterfaceOrientations_iPad = "UIInterfaceOrientationPortrait UIInterfaceOrientationPortraitUpsideDown UIInterfaceOrientationLandscapeLeft UIInterfaceOrientationLandscapeRight";
				INFOPLIST_KEY_UISupportedInterfaceOrientations_iPhone = "UIInterfaceOrientationPortrait UIInterfaceOrientationLandscapeLeft UIInterfaceOrientationLandscapeRight";
				LD_RUNPATH_SEARCH_PATHS = (
					"$(inherited)",
					"@executable_path/Frameworks",
				);
				MARKETING_VERSION = 1.0;
				PRODUCT_BUNDLE_IDENTIFIER = com.AdrianSmn.ViperPokemon2;
				PRODUCT_NAME = "$(TARGET_NAME)";
				SWIFT_EMIT_LOC_STRINGS = YES;
				SWIFT_VERSION = 5.0;
				TARGETED_DEVICE_FAMILY = "1,2";
			};
			name = Debug;
		};
		D37A2ED32A258D1100360CB6 /* Release */ = {
			isa = XCBuildConfiguration;
			buildSettings = {
				ASSETCATALOG_COMPILER_APPICON_NAME = AppIcon;
				ASSETCATALOG_COMPILER_GLOBAL_ACCENT_COLOR_NAME = AccentColor;
				CODE_SIGN_STYLE = Automatic;
				CURRENT_PROJECT_VERSION = 1;
				DEVELOPMENT_TEAM = 8563359T6V;
				GENERATE_INFOPLIST_FILE = YES;
				INFOPLIST_FILE = ViperPokemon2/Info.plist;
				INFOPLIST_KEY_UIApplicationSupportsIndirectInputEvents = YES;
				INFOPLIST_KEY_UILaunchStoryboardName = LaunchScreen;
				INFOPLIST_KEY_UIMainStoryboardFile = Main;
				INFOPLIST_KEY_UISupportedInterfaceOrientations_iPad = "UIInterfaceOrientationPortrait UIInterfaceOrientationPortraitUpsideDown UIInterfaceOrientationLandscapeLeft UIInterfaceOrientationLandscapeRight";
				INFOPLIST_KEY_UISupportedInterfaceOrientations_iPhone = "UIInterfaceOrientationPortrait UIInterfaceOrientationLandscapeLeft UIInterfaceOrientationLandscapeRight";
				LD_RUNPATH_SEARCH_PATHS = (
					"$(inherited)",
					"@executable_path/Frameworks",
				);
				MARKETING_VERSION = 1.0;
				PRODUCT_BUNDLE_IDENTIFIER = com.AdrianSmn.ViperPokemon2;
				PRODUCT_NAME = "$(TARGET_NAME)";
				SWIFT_EMIT_LOC_STRINGS = YES;
				SWIFT_VERSION = 5.0;
				TARGETED_DEVICE_FAMILY = "1,2";
			};
			name = Release;
		};
		D37A2ED52A258D1100360CB6 /* Debug */ = {
			isa = XCBuildConfiguration;
			buildSettings = {
				ALWAYS_EMBED_SWIFT_STANDARD_LIBRARIES = YES;
				BUNDLE_LOADER = "$(TEST_HOST)";
				CODE_SIGN_STYLE = Automatic;
				CURRENT_PROJECT_VERSION = 1;
				DEVELOPMENT_TEAM = 8563359T6V;
				GENERATE_INFOPLIST_FILE = YES;
				IPHONEOS_DEPLOYMENT_TARGET = 15.5;
				MARKETING_VERSION = 1.0;
				PRODUCT_BUNDLE_IDENTIFIER = com.AdrianSmn.ViperPokemon2Tests;
				PRODUCT_NAME = "$(TARGET_NAME)";
				SWIFT_EMIT_LOC_STRINGS = NO;
				SWIFT_VERSION = 5.0;
				TARGETED_DEVICE_FAMILY = "1,2";
				TEST_HOST = "$(BUILT_PRODUCTS_DIR)/ViperPokemon2.app/ViperPokemon2";
			};
			name = Debug;
		};
		D37A2ED62A258D1100360CB6 /* Release */ = {
			isa = XCBuildConfiguration;
			buildSettings = {
				ALWAYS_EMBED_SWIFT_STANDARD_LIBRARIES = YES;
				BUNDLE_LOADER = "$(TEST_HOST)";
				CODE_SIGN_STYLE = Automatic;
				CURRENT_PROJECT_VERSION = 1;
				DEVELOPMENT_TEAM = 8563359T6V;
				GENERATE_INFOPLIST_FILE = YES;
				IPHONEOS_DEPLOYMENT_TARGET = 15.5;
				MARKETING_VERSION = 1.0;
				PRODUCT_BUNDLE_IDENTIFIER = com.AdrianSmn.ViperPokemon2Tests;
				PRODUCT_NAME = "$(TARGET_NAME)";
				SWIFT_EMIT_LOC_STRINGS = NO;
				SWIFT_VERSION = 5.0;
				TARGETED_DEVICE_FAMILY = "1,2";
				TEST_HOST = "$(BUILT_PRODUCTS_DIR)/ViperPokemon2.app/ViperPokemon2";
			};
			name = Release;
		};
		D37A2ED82A258D1100360CB6 /* Debug */ = {
			isa = XCBuildConfiguration;
			buildSettings = {
				ALWAYS_EMBED_SWIFT_STANDARD_LIBRARIES = YES;
				CODE_SIGN_STYLE = Automatic;
				CURRENT_PROJECT_VERSION = 1;
				DEVELOPMENT_TEAM = 8563359T6V;
				GENERATE_INFOPLIST_FILE = YES;
				MARKETING_VERSION = 1.0;
				PRODUCT_BUNDLE_IDENTIFIER = com.AdrianSmn.ViperPokemon2UITests;
				PRODUCT_NAME = "$(TARGET_NAME)";
				SWIFT_EMIT_LOC_STRINGS = NO;
				SWIFT_VERSION = 5.0;
				TARGETED_DEVICE_FAMILY = "1,2";
				TEST_TARGET_NAME = ViperPokemon2;
			};
			name = Debug;
		};
		D37A2ED92A258D1100360CB6 /* Release */ = {
			isa = XCBuildConfiguration;
			buildSettings = {
				ALWAYS_EMBED_SWIFT_STANDARD_LIBRARIES = YES;
				CODE_SIGN_STYLE = Automatic;
				CURRENT_PROJECT_VERSION = 1;
				DEVELOPMENT_TEAM = 8563359T6V;
				GENERATE_INFOPLIST_FILE = YES;
				MARKETING_VERSION = 1.0;
				PRODUCT_BUNDLE_IDENTIFIER = com.AdrianSmn.ViperPokemon2UITests;
				PRODUCT_NAME = "$(TARGET_NAME)";
				SWIFT_EMIT_LOC_STRINGS = NO;
				SWIFT_VERSION = 5.0;
				TARGETED_DEVICE_FAMILY = "1,2";
				TEST_TARGET_NAME = ViperPokemon2;
			};
			name = Release;
		};
/* End XCBuildConfiguration section */

/* Begin XCConfigurationList section */
		D37A2EA22A258D1100360CB6 /* Build configuration list for PBXProject "ViperPokemon2" */ = {
			isa = XCConfigurationList;
			buildConfigurations = (
				D37A2ECF2A258D1100360CB6 /* Debug */,
				D37A2ED02A258D1100360CB6 /* Release */,
			);
			defaultConfigurationIsVisible = 0;
			defaultConfigurationName = Release;
		};
		D37A2ED12A258D1100360CB6 /* Build configuration list for PBXNativeTarget "ViperPokemon2" */ = {
			isa = XCConfigurationList;
			buildConfigurations = (
				D37A2ED22A258D1100360CB6 /* Debug */,
				D37A2ED32A258D1100360CB6 /* Release */,
			);
			defaultConfigurationIsVisible = 0;
			defaultConfigurationName = Release;
		};
		D37A2ED42A258D1100360CB6 /* Build configuration list for PBXNativeTarget "ViperPokemon2Tests" */ = {
			isa = XCConfigurationList;
			buildConfigurations = (
				D37A2ED52A258D1100360CB6 /* Debug */,
				D37A2ED62A258D1100360CB6 /* Release */,
			);
			defaultConfigurationIsVisible = 0;
			defaultConfigurationName = Release;
		};
		D37A2ED72A258D1100360CB6 /* Build configuration list for PBXNativeTarget "ViperPokemon2UITests" */ = {
			isa = XCConfigurationList;
			buildConfigurations = (
				D37A2ED82A258D1100360CB6 /* Debug */,
				D37A2ED92A258D1100360CB6 /* Release */,
			);
			defaultConfigurationIsVisible = 0;
			defaultConfigurationName = Release;
		};
/* End XCConfigurationList section */
	};
	rootObject = D37A2E9F2A258D1100360CB6 /* Project object */;
}
