// !$*UTF8*$!
{
	archiveVersion = 1;
	classes = {
	};
	objectVersion = 55;
	objects = {

/* Begin PBXBuildFile section */
		D30F787E2C016CBB00757878 /* PokemonRegionsEntity.swift in Sources */ = {isa = PBXBuildFile; fileRef = D30F787D2C016CBB00757878 /* PokemonRegionsEntity.swift */; };
		D30F78802C01735300757878 /* PokemonRegionsInteractor.swift in Sources */ = {isa = PBXBuildFile; fileRef = D30F787F2C01735300757878 /* PokemonRegionsInteractor.swift */; };
		D310B2142BED290C008E94A3 /* PokemonTypeViewCell.swift in Sources */ = {isa = PBXBuildFile; fileRef = D310B2132BED290C008E94A3 /* PokemonTypeViewCell.swift */; };
		D310B2162BED291C008E94A3 /* PokemonTypeViewCell+UI.swift in Sources */ = {isa = PBXBuildFile; fileRef = D310B2152BED291C008E94A3 /* PokemonTypeViewCell+UI.swift */; };
		D310B2182BED3A5F008E94A3 /* PokemonDetailView+UI.swift in Sources */ = {isa = PBXBuildFile; fileRef = D310B2172BED3A5F008E94A3 /* PokemonDetailView+UI.swift */; };
		D33120002BF42D4E00552A08 /* StatsViewCell.swift in Sources */ = {isa = PBXBuildFile; fileRef = D3311FFF2BF42D4E00552A08 /* StatsViewCell.swift */; };
		D33120022BF4320000552A08 /* StatsViewCell+UI.swift in Sources */ = {isa = PBXBuildFile; fileRef = D33120012BF4320000552A08 /* StatsViewCell+UI.swift */; };
		D33120042BF4368100552A08 /* PokemonDetailTableExtension.swift in Sources */ = {isa = PBXBuildFile; fileRef = D33120032BF4368100552A08 /* PokemonDetailTableExtension.swift */; };
		D33120062BF43A7600552A08 /* PokemonDetailCollecionExtension.swift in Sources */ = {isa = PBXBuildFile; fileRef = D33120052BF43A7600552A08 /* PokemonDetailCollecionExtension.swift */; };
		D34EA00D2C04EFFF0006FA1F /* PokemonRegionsPresenter.swift in Sources */ = {isa = PBXBuildFile; fileRef = D34EA00C2C04EFFF0006FA1F /* PokemonRegionsPresenter.swift */; };
		D34EA0102C04F4F30006FA1F /* PokemonRegionsMapper.swift in Sources */ = {isa = PBXBuildFile; fileRef = D34EA00F2C04F4F30006FA1F /* PokemonRegionsMapper.swift */; };
		D34EA0122C04F5040006FA1F /* PokemonRegionsViewModel.swift in Sources */ = {isa = PBXBuildFile; fileRef = D34EA0112C04F5040006FA1F /* PokemonRegionsViewModel.swift */; };
		D34EA0142C04F7820006FA1F /* PokemonRegionsRouter.swift in Sources */ = {isa = PBXBuildFile; fileRef = D34EA0132C04F7820006FA1F /* PokemonRegionsRouter.swift */; };
		D34EA0162C04FBA50006FA1F /* PokemonRegionsView.swift in Sources */ = {isa = PBXBuildFile; fileRef = D34EA0152C04FBA50006FA1F /* PokemonRegionsView.swift */; };
		D34EA0192C04FF2A0006FA1F /* PokemonRegionsViewExtension.swift in Sources */ = {isa = PBXBuildFile; fileRef = D34EA0182C04FF2A0006FA1F /* PokemonRegionsViewExtension.swift */; };
		D34EA01B2C0516C10006FA1F /* PokemonRegionsView+UI.swift in Sources */ = {isa = PBXBuildFile; fileRef = D34EA01A2C0516C10006FA1F /* PokemonRegionsView+UI.swift */; };
		D357B2F72BE3FB6B008CF498 /* Utils.swift in Sources */ = {isa = PBXBuildFile; fileRef = D357B2F62BE3FB6B008CF498 /* Utils.swift */; };
		D36C3CA52BF5775E003EC174 /* Protocols.swift in Sources */ = {isa = PBXBuildFile; fileRef = D36C3CA42BF5775E003EC174 /* Protocols.swift */; };
		D36C3CA82BF57B03003EC174 /* PokemonListViewExtension.swift in Sources */ = {isa = PBXBuildFile; fileRef = D36C3CA72BF57B03003EC174 /* PokemonListViewExtension.swift */; };
		D36C3CAB2BF57C32003EC174 /* PokemonDetailViewExtension.swift in Sources */ = {isa = PBXBuildFile; fileRef = D36C3CAA2BF57C32003EC174 /* PokemonDetailViewExtension.swift */; };
		D36C3CAD2BF588B2003EC174 /* MovesTableViewCell.swift in Sources */ = {isa = PBXBuildFile; fileRef = D36C3CAC2BF588B2003EC174 /* MovesTableViewCell.swift */; };
		D36C3CAF2BF58CC2003EC174 /* MovesTableViewCell+UI.swift in Sources */ = {isa = PBXBuildFile; fileRef = D36C3CAE2BF58CC2003EC174 /* MovesTableViewCell+UI.swift */; };
		D37A2EAB2A258D1100360CB6 /* AppDelegate.swift in Sources */ = {isa = PBXBuildFile; fileRef = D37A2EAA2A258D1100360CB6 /* AppDelegate.swift */; };
		D37A2EAD2A258D1100360CB6 /* SceneDelegate.swift in Sources */ = {isa = PBXBuildFile; fileRef = D37A2EAC2A258D1100360CB6 /* SceneDelegate.swift */; };
		D37A2EAF2A258D1100360CB6 /* ViewController.swift in Sources */ = {isa = PBXBuildFile; fileRef = D37A2EAE2A258D1100360CB6 /* ViewController.swift */; };
		D37A2EB22A258D1100360CB6 /* Main.storyboard in Resources */ = {isa = PBXBuildFile; fileRef = D37A2EB02A258D1100360CB6 /* Main.storyboard */; };
		D37A2EB42A258D1100360CB6 /* Assets.xcassets in Resources */ = {isa = PBXBuildFile; fileRef = D37A2EB32A258D1100360CB6 /* Assets.xcassets */; };
		D37A2EB72A258D1100360CB6 /* LaunchScreen.storyboard in Resources */ = {isa = PBXBuildFile; fileRef = D37A2EB52A258D1100360CB6 /* LaunchScreen.storyboard */; };
		D37A2EC22A258D1100360CB6 /* ViperPokemon2Tests.swift in Sources */ = {isa = PBXBuildFile; fileRef = D37A2EC12A258D1100360CB6 /* ViperPokemon2Tests.swift */; };
		D37A2ECC2A258D1100360CB6 /* ViperPokemon2UITests.swift in Sources */ = {isa = PBXBuildFile; fileRef = D37A2ECB2A258D1100360CB6 /* ViperPokemon2UITests.swift */; };
		D37A2ECE2A258D1100360CB6 /* ViperPokemon2UITestsLaunchTests.swift in Sources */ = {isa = PBXBuildFile; fileRef = D37A2ECD2A258D1100360CB6 /* ViperPokemon2UITestsLaunchTests.swift */; };
		D37A2EDC2A258F1700360CB6 /* PokemonListView.swift in Sources */ = {isa = PBXBuildFile; fileRef = D37A2EDB2A258F1700360CB6 /* PokemonListView.swift */; };
		D37A2EDE2A258F2400360CB6 /* PokemonListPresenter.swift in Sources */ = {isa = PBXBuildFile; fileRef = D37A2EDD2A258F2400360CB6 /* PokemonListPresenter.swift */; };
		D37A2EE02A258F2F00360CB6 /* PokemonListRouter.swift in Sources */ = {isa = PBXBuildFile; fileRef = D37A2EDF2A258F2F00360CB6 /* PokemonListRouter.swift */; };
		D37A2EE22A258F4E00360CB6 /* PokemonListInteractor.swift in Sources */ = {isa = PBXBuildFile; fileRef = D37A2EE12A258F4E00360CB6 /* PokemonListInteractor.swift */; };
		D37A2EE52A25903200360CB6 /* PokemonListEntity.swift in Sources */ = {isa = PBXBuildFile; fileRef = D37A2EE42A25903200360CB6 /* PokemonListEntity.swift */; };
		D37A2EE72A25903E00360CB6 /* PokemonListResponseEntity.swift in Sources */ = {isa = PBXBuildFile; fileRef = D37A2EE62A25903E00360CB6 /* PokemonListResponseEntity.swift */; };
		D397962C2A26D637006B3271 /* PokemonListViewModel.swift in Sources */ = {isa = PBXBuildFile; fileRef = D397962B2A26D637006B3271 /* PokemonListViewModel.swift */; };
		D397962E2A26D64A006B3271 /* PokemonListMapper.swift in Sources */ = {isa = PBXBuildFile; fileRef = D397962D2A26D64A006B3271 /* PokemonListMapper.swift */; };
		D39796302A26DDAF006B3271 /* PokemonListViewCell.swift in Sources */ = {isa = PBXBuildFile; fileRef = D397962F2A26DDAF006B3271 /* PokemonListViewCell.swift */; };
		D39796332A26DDCE006B3271 /* Kingfisher in Frameworks */ = {isa = PBXBuildFile; productRef = D39796322A26DDCE006B3271 /* Kingfisher */; };
		D3A36D2C2BE93CA1004FDE51 /* PokemonListViewCell+UI.swift in Sources */ = {isa = PBXBuildFile; fileRef = D3A36D2B2BE93CA1004FDE51 /* PokemonListViewCell+UI.swift */; };
		D3A36D2E2BE9A637004FDE51 /* PokemonListView+UI.swift in Sources */ = {isa = PBXBuildFile; fileRef = D3A36D2D2BE9A637004FDE51 /* PokemonListView+UI.swift */; };
		D3B59ED82C06528800416265 /* PokemonEspeciesEntity.swift in Sources */ = {isa = PBXBuildFile; fileRef = D3B59ED72C06528800416265 /* PokemonEspeciesEntity.swift */; };
		D3BE953F2BFC0FB7001FC84B /* MovesModuleView+UI.swift in Sources */ = {isa = PBXBuildFile; fileRef = D3BE953E2BFC0FB7001FC84B /* MovesModuleView+UI.swift */; };
		D3BE95412BFC1294001FC84B /* MovesModuleExtension.swift in Sources */ = {isa = PBXBuildFile; fileRef = D3BE95402BFC1294001FC84B /* MovesModuleExtension.swift */; };
		D3DE8CF12BEA8B300064870F /* PokemonDetailView.swift in Sources */ = {isa = PBXBuildFile; fileRef = D3DE8CF02BEA8B300064870F /* PokemonDetailView.swift */; };
		D3DE8CF32BEA8B440064870F /* PokemonDetailPresenter.swift in Sources */ = {isa = PBXBuildFile; fileRef = D3DE8CF22BEA8B440064870F /* PokemonDetailPresenter.swift */; };
		D3DE8CF52BEA8B550064870F /* PokemonDetailRouter.swift in Sources */ = {isa = PBXBuildFile; fileRef = D3DE8CF42BEA8B550064870F /* PokemonDetailRouter.swift */; };
		D3DE8CF72BEA8B700064870F /* PokemonDetailInteractor.swift in Sources */ = {isa = PBXBuildFile; fileRef = D3DE8CF62BEA8B700064870F /* PokemonDetailInteractor.swift */; };
		D3DE8CF92BEA8B960064870F /* PokemonDetailEntity.swift in Sources */ = {isa = PBXBuildFile; fileRef = D3DE8CF82BEA8B960064870F /* PokemonDetailEntity.swift */; };
		D3DE8CFC2BEA8F3F0064870F /* PokemonDetailViewModel.swift in Sources */ = {isa = PBXBuildFile; fileRef = D3DE8CFB2BEA8F3F0064870F /* PokemonDetailViewModel.swift */; };
		D3DE8CFE2BEA8F540064870F /* PokemonDetailMapper.swift in Sources */ = {isa = PBXBuildFile; fileRef = D3DE8CFD2BEA8F540064870F /* PokemonDetailMapper.swift */; };
		D3E24B302C0790E500E34D47 /* UILoadingModalViewController.swift in Sources */ = {isa = PBXBuildFile; fileRef = D3E24B2F2C0790E500E34D47 /* UILoadingModalViewController.swift */; };
		D3EAAC072BFE6E9D00F62BF3 /* PokemonRegionViewCell.swift in Sources */ = {isa = PBXBuildFile; fileRef = D3EAAC062BFE6E9D00F62BF3 /* PokemonRegionViewCell.swift */; };
		D3EAAC0A2BFE6EC200F62BF3 /* PokemonRegionViewCell+ui.swift in Sources */ = {isa = PBXBuildFile; fileRef = D3EAAC092BFE6EC200F62BF3 /* PokemonRegionViewCell+ui.swift */; };
		D3F6615E2BF6D43F00A124E9 /* MovesModuleView.swift in Sources */ = {isa = PBXBuildFile; fileRef = D3F6615D2BF6D43F00A124E9 /* MovesModuleView.swift */; };
		D3F661602BF6D45300A124E9 /* MovesModulePresenter.swift in Sources */ = {isa = PBXBuildFile; fileRef = D3F6615F2BF6D45300A124E9 /* MovesModulePresenter.swift */; };
		D3F661622BF6D46100A124E9 /* MovesModuleEntity.swift in Sources */ = {isa = PBXBuildFile; fileRef = D3F661612BF6D46100A124E9 /* MovesModuleEntity.swift */; };
		D3F661642BF6D46D00A124E9 /* MovesModuleRouter.swift in Sources */ = {isa = PBXBuildFile; fileRef = D3F661632BF6D46D00A124E9 /* MovesModuleRouter.swift */; };
		D3F661662BF6D47B00A124E9 /* MovesModuleInteractor.swift in Sources */ = {isa = PBXBuildFile; fileRef = D3F661652BF6D47B00A124E9 /* MovesModuleInteractor.swift */; };
		D3F661692BF6ECB400A124E9 /* MovesModuleMapper.swift in Sources */ = {isa = PBXBuildFile; fileRef = D3F661682BF6ECB400A124E9 /* MovesModuleMapper.swift */; };
		D3F6616B2BF6ECBE00A124E9 /* MovesModuleViewModel.swift in Sources */ = {isa = PBXBuildFile; fileRef = D3F6616A2BF6ECBE00A124E9 /* MovesModuleViewModel.swift */; };
/* End PBXBuildFile section */

/* Begin PBXContainerItemProxy section */
		D37A2EBE2A258D1100360CB6 /* PBXContainerItemProxy */ = {
			isa = PBXContainerItemProxy;
			containerPortal = D37A2E9F2A258D1100360CB6 /* Project object */;
			proxyType = 1;
			remoteGlobalIDString = D37A2EA62A258D1100360CB6;
			remoteInfo = ViperPokemon2;
		};
		D37A2EC82A258D1100360CB6 /* PBXContainerItemProxy */ = {
			isa = PBXContainerItemProxy;
			containerPortal = D37A2E9F2A258D1100360CB6 /* Project object */;
			proxyType = 1;
			remoteGlobalIDString = D37A2EA62A258D1100360CB6;
			remoteInfo = ViperPokemon2;
		};
/* End PBXContainerItemProxy section */

/* Begin PBXFileReference section */
		D30F787D2C016CBB00757878 /* PokemonRegionsEntity.swift */ = {isa = PBXFileReference; lastKnownFileType = sourcecode.swift; path = PokemonRegionsEntity.swift; sourceTree = "<group>"; };
		D30F787F2C01735300757878 /* PokemonRegionsInteractor.swift */ = {isa = PBXFileReference; lastKnownFileType = sourcecode.swift; path = PokemonRegionsInteractor.swift; sourceTree = "<group>"; };
		D310B2132BED290C008E94A3 /* PokemonTypeViewCell.swift */ = {isa = PBXFileReference; lastKnownFileType = sourcecode.swift; path = PokemonTypeViewCell.swift; sourceTree = "<group>"; };
		D310B2152BED291C008E94A3 /* PokemonTypeViewCell+UI.swift */ = {isa = PBXFileReference; lastKnownFileType = sourcecode.swift; path = "PokemonTypeViewCell+UI.swift"; sourceTree = "<group>"; };
		D310B2172BED3A5F008E94A3 /* PokemonDetailView+UI.swift */ = {isa = PBXFileReference; lastKnownFileType = sourcecode.swift; path = "PokemonDetailView+UI.swift"; sourceTree = "<group>"; };
		D3311FFF2BF42D4E00552A08 /* StatsViewCell.swift */ = {isa = PBXFileReference; lastKnownFileType = sourcecode.swift; path = StatsViewCell.swift; sourceTree = "<group>"; };
		D33120012BF4320000552A08 /* StatsViewCell+UI.swift */ = {isa = PBXFileReference; lastKnownFileType = sourcecode.swift; path = "StatsViewCell+UI.swift"; sourceTree = "<group>"; };
		D33120032BF4368100552A08 /* PokemonDetailTableExtension.swift */ = {isa = PBXFileReference; lastKnownFileType = sourcecode.swift; path = PokemonDetailTableExtension.swift; sourceTree = "<group>"; };
		D33120052BF43A7600552A08 /* PokemonDetailCollecionExtension.swift */ = {isa = PBXFileReference; lastKnownFileType = sourcecode.swift; path = PokemonDetailCollecionExtension.swift; sourceTree = "<group>"; };
		D34EA00C2C04EFFF0006FA1F /* PokemonRegionsPresenter.swift */ = {isa = PBXFileReference; lastKnownFileType = sourcecode.swift; path = PokemonRegionsPresenter.swift; sourceTree = "<group>"; };
		D34EA00F2C04F4F30006FA1F /* PokemonRegionsMapper.swift */ = {isa = PBXFileReference; lastKnownFileType = sourcecode.swift; path = PokemonRegionsMapper.swift; sourceTree = "<group>"; };
		D34EA0112C04F5040006FA1F /* PokemonRegionsViewModel.swift */ = {isa = PBXFileReference; lastKnownFileType = sourcecode.swift; path = PokemonRegionsViewModel.swift; sourceTree = "<group>"; };
		D34EA0132C04F7820006FA1F /* PokemonRegionsRouter.swift */ = {isa = PBXFileReference; lastKnownFileType = sourcecode.swift; path = PokemonRegionsRouter.swift; sourceTree = "<group>"; };
		D34EA0152C04FBA50006FA1F /* PokemonRegionsView.swift */ = {isa = PBXFileReference; lastKnownFileType = sourcecode.swift; path = PokemonRegionsView.swift; sourceTree = "<group>"; };
		D34EA0182C04FF2A0006FA1F /* PokemonRegionsViewExtension.swift */ = {isa = PBXFileReference; lastKnownFileType = sourcecode.swift; path = PokemonRegionsViewExtension.swift; sourceTree = "<group>"; };
		D34EA01A2C0516C10006FA1F /* PokemonRegionsView+UI.swift */ = {isa = PBXFileReference; lastKnownFileType = sourcecode.swift; path = "PokemonRegionsView+UI.swift"; sourceTree = "<group>"; };
		D357B2F62BE3FB6B008CF498 /* Utils.swift */ = {isa = PBXFileReference; lastKnownFileType = sourcecode.swift; path = Utils.swift; sourceTree = "<group>"; };
		D36C3CA42BF5775E003EC174 /* Protocols.swift */ = {isa = PBXFileReference; lastKnownFileType = sourcecode.swift; path = Protocols.swift; sourceTree = "<group>"; };
		D36C3CA72BF57B03003EC174 /* PokemonListViewExtension.swift */ = {isa = PBXFileReference; lastKnownFileType = sourcecode.swift; path = PokemonListViewExtension.swift; sourceTree = "<group>"; };
		D36C3CAA2BF57C32003EC174 /* PokemonDetailViewExtension.swift */ = {isa = PBXFileReference; lastKnownFileType = sourcecode.swift; path = PokemonDetailViewExtension.swift; sourceTree = "<group>"; };
		D36C3CAC2BF588B2003EC174 /* MovesTableViewCell.swift */ = {isa = PBXFileReference; lastKnownFileType = sourcecode.swift; path = MovesTableViewCell.swift; sourceTree = "<group>"; };
		D36C3CAE2BF58CC2003EC174 /* MovesTableViewCell+UI.swift */ = {isa = PBXFileReference; lastKnownFileType = sourcecode.swift; path = "MovesTableViewCell+UI.swift"; sourceTree = "<group>"; };
		D37A2EA72A258D1100360CB6 /* ViperPokemon2.app */ = {isa = PBXFileReference; explicitFileType = wrapper.application; includeInIndex = 0; path = ViperPokemon2.app; sourceTree = BUILT_PRODUCTS_DIR; };
		D37A2EAA2A258D1100360CB6 /* AppDelegate.swift */ = {isa = PBXFileReference; lastKnownFileType = sourcecode.swift; path = AppDelegate.swift; sourceTree = "<group>"; };
		D37A2EAC2A258D1100360CB6 /* SceneDelegate.swift */ = {isa = PBXFileReference; lastKnownFileType = sourcecode.swift; path = SceneDelegate.swift; sourceTree = "<group>"; };
		D37A2EAE2A258D1100360CB6 /* ViewController.swift */ = {isa = PBXFileReference; lastKnownFileType = sourcecode.swift; path = ViewController.swift; sourceTree = "<group>"; };
		D37A2EB12A258D1100360CB6 /* Base */ = {isa = PBXFileReference; lastKnownFileType = file.storyboard; name = Base; path = Base.lproj/Main.storyboard; sourceTree = "<group>"; };
		D37A2EB32A258D1100360CB6 /* Assets.xcassets */ = {isa = PBXFileReference; lastKnownFileType = folder.assetcatalog; path = Assets.xcassets; sourceTree = "<group>"; };
		D37A2EB62A258D1100360CB6 /* Base */ = {isa = PBXFileReference; lastKnownFileType = file.storyboard; name = Base; path = Base.lproj/LaunchScreen.storyboard; sourceTree = "<group>"; };
		D37A2EB82A258D1100360CB6 /* Info.plist */ = {isa = PBXFileReference; lastKnownFileType = text.plist.xml; path = Info.plist; sourceTree = "<group>"; };
		D37A2EBD2A258D1100360CB6 /* ViperPokemon2Tests.xctest */ = {isa = PBXFileReference; explicitFileType = wrapper.cfbundle; includeInIndex = 0; path = ViperPokemon2Tests.xctest; sourceTree = BUILT_PRODUCTS_DIR; };
		D37A2EC12A258D1100360CB6 /* ViperPokemon2Tests.swift */ = {isa = PBXFileReference; lastKnownFileType = sourcecode.swift; path = ViperPokemon2Tests.swift; sourceTree = "<group>"; };
		D37A2EC72A258D1100360CB6 /* ViperPokemon2UITests.xctest */ = {isa = PBXFileReference; explicitFileType = wrapper.cfbundle; includeInIndex = 0; path = ViperPokemon2UITests.xctest; sourceTree = BUILT_PRODUCTS_DIR; };
		D37A2ECB2A258D1100360CB6 /* ViperPokemon2UITests.swift */ = {isa = PBXFileReference; lastKnownFileType = sourcecode.swift; path = ViperPokemon2UITests.swift; sourceTree = "<group>"; };
		D37A2ECD2A258D1100360CB6 /* ViperPokemon2UITestsLaunchTests.swift */ = {isa = PBXFileReference; lastKnownFileType = sourcecode.swift; path = ViperPokemon2UITestsLaunchTests.swift; sourceTree = "<group>"; };
		D37A2EDB2A258F1700360CB6 /* PokemonListView.swift */ = {isa = PBXFileReference; lastKnownFileType = sourcecode.swift; path = PokemonListView.swift; sourceTree = "<group>"; };
		D37A2EDD2A258F2400360CB6 /* PokemonListPresenter.swift */ = {isa = PBXFileReference; lastKnownFileType = sourcecode.swift; path = PokemonListPresenter.swift; sourceTree = "<group>"; };
		D37A2EDF2A258F2F00360CB6 /* PokemonListRouter.swift */ = {isa = PBXFileReference; lastKnownFileType = sourcecode.swift; path = PokemonListRouter.swift; sourceTree = "<group>"; };
		D37A2EE12A258F4E00360CB6 /* PokemonListInteractor.swift */ = {isa = PBXFileReference; lastKnownFileType = sourcecode.swift; path = PokemonListInteractor.swift; sourceTree = "<group>"; };
		D37A2EE42A25903200360CB6 /* PokemonListEntity.swift */ = {isa = PBXFileReference; lastKnownFileType = sourcecode.swift; path = PokemonListEntity.swift; sourceTree = "<group>"; };
		D37A2EE62A25903E00360CB6 /* PokemonListResponseEntity.swift */ = {isa = PBXFileReference; lastKnownFileType = sourcecode.swift; path = PokemonListResponseEntity.swift; sourceTree = "<group>"; };
		D397962B2A26D637006B3271 /* PokemonListViewModel.swift */ = {isa = PBXFileReference; lastKnownFileType = sourcecode.swift; path = PokemonListViewModel.swift; sourceTree = "<group>"; };
		D397962D2A26D64A006B3271 /* PokemonListMapper.swift */ = {isa = PBXFileReference; lastKnownFileType = sourcecode.swift; path = PokemonListMapper.swift; sourceTree = "<group>"; };
		D397962F2A26DDAF006B3271 /* PokemonListViewCell.swift */ = {isa = PBXFileReference; lastKnownFileType = sourcecode.swift; path = PokemonListViewCell.swift; sourceTree = "<group>"; };
		D3A36D2B2BE93CA1004FDE51 /* PokemonListViewCell+UI.swift */ = {isa = PBXFileReference; lastKnownFileType = sourcecode.swift; path = "PokemonListViewCell+UI.swift"; sourceTree = "<group>"; };
		D3A36D2D2BE9A637004FDE51 /* PokemonListView+UI.swift */ = {isa = PBXFileReference; lastKnownFileType = sourcecode.swift; path = "PokemonListView+UI.swift"; sourceTree = "<group>"; };
		D3B59ED72C06528800416265 /* PokemonEspeciesEntity.swift */ = {isa = PBXFileReference; lastKnownFileType = sourcecode.swift; path = PokemonEspeciesEntity.swift; sourceTree = "<group>"; };
		D3BE953E2BFC0FB7001FC84B /* MovesModuleView+UI.swift */ = {isa = PBXFileReference; lastKnownFileType = sourcecode.swift; path = "MovesModuleView+UI.swift"; sourceTree = "<group>"; };
		D3BE95402BFC1294001FC84B /* MovesModuleExtension.swift */ = {isa = PBXFileReference; lastKnownFileType = sourcecode.swift; path = MovesModuleExtension.swift; sourceTree = "<group>"; };
		D3DE8CF02BEA8B300064870F /* PokemonDetailView.swift */ = {isa = PBXFileReference; lastKnownFileType = sourcecode.swift; path = PokemonDetailView.swift; sourceTree = "<group>"; };
		D3DE8CF22BEA8B440064870F /* PokemonDetailPresenter.swift */ = {isa = PBXFileReference; lastKnownFileType = sourcecode.swift; path = PokemonDetailPresenter.swift; sourceTree = "<group>"; };
		D3DE8CF42BEA8B550064870F /* PokemonDetailRouter.swift */ = {isa = PBXFileReference; lastKnownFileType = sourcecode.swift; path = PokemonDetailRouter.swift; sourceTree = "<group>"; };
		D3DE8CF62BEA8B700064870F /* PokemonDetailInteractor.swift */ = {isa = PBXFileReference; lastKnownFileType = sourcecode.swift; path = PokemonDetailInteractor.swift; sourceTree = "<group>"; };
		D3DE8CF82BEA8B960064870F /* PokemonDetailEntity.swift */ = {isa = PBXFileReference; lastKnownFileType = sourcecode.swift; path = PokemonDetailEntity.swift; sourceTree = "<group>"; };
		D3DE8CFB2BEA8F3F0064870F /* PokemonDetailViewModel.swift */ = {isa = PBXFileReference; lastKnownFileType = sourcecode.swift; path = PokemonDetailViewModel.swift; sourceTree = "<group>"; };
		D3DE8CFD2BEA8F540064870F /* PokemonDetailMapper.swift */ = {isa = PBXFileReference; lastKnownFileType = sourcecode.swift; path = PokemonDetailMapper.swift; sourceTree = "<group>"; };
		D3E24B2F2C0790E500E34D47 /* UILoadingModalViewController.swift */ = {isa = PBXFileReference; lastKnownFileType = sourcecode.swift; path = UILoadingModalViewController.swift; sourceTree = "<group>"; };
		D3EAAC062BFE6E9D00F62BF3 /* PokemonRegionViewCell.swift */ = {isa = PBXFileReference; lastKnownFileType = sourcecode.swift; path = PokemonRegionViewCell.swift; sourceTree = "<group>"; };
		D3EAAC092BFE6EC200F62BF3 /* PokemonRegionViewCell+ui.swift */ = {isa = PBXFileReference; lastKnownFileType = sourcecode.swift; path = "PokemonRegionViewCell+ui.swift"; sourceTree = "<group>"; };
		D3F6615D2BF6D43F00A124E9 /* MovesModuleView.swift */ = {isa = PBXFileReference; lastKnownFileType = sourcecode.swift; path = MovesModuleView.swift; sourceTree = "<group>"; };
		D3F6615F2BF6D45300A124E9 /* MovesModulePresenter.swift */ = {isa = PBXFileReference; lastKnownFileType = sourcecode.swift; path = MovesModulePresenter.swift; sourceTree = "<group>"; };
		D3F661612BF6D46100A124E9 /* MovesModuleEntity.swift */ = {isa = PBXFileReference; lastKnownFileType = sourcecode.swift; path = MovesModuleEntity.swift; sourceTree = "<group>"; };
		D3F661632BF6D46D00A124E9 /* MovesModuleRouter.swift */ = {isa = PBXFileReference; lastKnownFileType = sourcecode.swift; path = MovesModuleRouter.swift; sourceTree = "<group>"; };
		D3F661652BF6D47B00A124E9 /* MovesModuleInteractor.swift */ = {isa = PBXFileReference; lastKnownFileType = sourcecode.swift; path = MovesModuleInteractor.swift; sourceTree = "<group>"; };
		D3F661682BF6ECB400A124E9 /* MovesModuleMapper.swift */ = {isa = PBXFileReference; lastKnownFileType = sourcecode.swift; path = MovesModuleMapper.swift; sourceTree = "<group>"; };
		D3F6616A2BF6ECBE00A124E9 /* MovesModuleViewModel.swift */ = {isa = PBXFileReference; lastKnownFileType = sourcecode.swift; path = MovesModuleViewModel.swift; sourceTree = "<group>"; };
/* End PBXFileReference section */

/* Begin PBXFrameworksBuildPhase section */
		D37A2EA42A258D1100360CB6 /* Frameworks */ = {
			isa = PBXFrameworksBuildPhase;
			buildActionMask = 2147483647;
			files = (
				D39796332A26DDCE006B3271 /* Kingfisher in Frameworks */,
			);
			runOnlyForDeploymentPostprocessing = 0;
		};
		D37A2EBA2A258D1100360CB6 /* Frameworks */ = {
			isa = PBXFrameworksBuildPhase;
			buildActionMask = 2147483647;
			files = (
			);
			runOnlyForDeploymentPostprocessing = 0;
		};
		D37A2EC42A258D1100360CB6 /* Frameworks */ = {
			isa = PBXFrameworksBuildPhase;
			buildActionMask = 2147483647;
			files = (
			);
			runOnlyForDeploymentPostprocessing = 0;
		};
/* End PBXFrameworksBuildPhase section */

/* Begin PBXGroup section */
		D30F787C2C016C8C00757878 /* PokemonRegionsModule */ = {
			isa = PBXGroup;
			children = (
				D34EA0172C04FF090006FA1F /* PokemonRegionsView */,
				D34EA00E2C04F4DA0006FA1F /* PokemonRegionsViewModel */,
				D30F787D2C016CBB00757878 /* PokemonRegionsEntity.swift */,
				D30F787F2C01735300757878 /* PokemonRegionsInteractor.swift */,
				D34EA00C2C04EFFF0006FA1F /* PokemonRegionsPresenter.swift */,
				D34EA0132C04F7820006FA1F /* PokemonRegionsRouter.swift */,
			);
			path = PokemonRegionsModule;
			sourceTree = "<group>";
		};
		D310B2122BED28F4008E94A3 /* PokemonTypeViewCell */ = {
			isa = PBXGroup;
			children = (
				D310B2132BED290C008E94A3 /* PokemonTypeViewCell.swift */,
				D310B2152BED291C008E94A3 /* PokemonTypeViewCell+UI.swift */,
				D33120052BF43A7600552A08 /* PokemonDetailCollecionExtension.swift */,
			);
			path = PokemonTypeViewCell;
			sourceTree = "<group>";
		};
		D3311FFE2BF42D3100552A08 /* sStatsViewCell */ = {
			isa = PBXGroup;
			children = (
				D3311FFF2BF42D4E00552A08 /* StatsViewCell.swift */,
				D33120012BF4320000552A08 /* StatsViewCell+UI.swift */,
				D33120032BF4368100552A08 /* PokemonDetailTableExtension.swift */,
				D36C3CAC2BF588B2003EC174 /* MovesTableViewCell.swift */,
				D36C3CAE2BF58CC2003EC174 /* MovesTableViewCell+UI.swift */,
			);
			path = sStatsViewCell;
			sourceTree = "<group>";
		};
		D34EA00E2C04F4DA0006FA1F /* PokemonRegionsViewModel */ = {
			isa = PBXGroup;
			children = (
				D34EA00F2C04F4F30006FA1F /* PokemonRegionsMapper.swift */,
				D34EA0112C04F5040006FA1F /* PokemonRegionsViewModel.swift */,
			);
			path = PokemonRegionsViewModel;
			sourceTree = "<group>";
		};
		D34EA0172C04FF090006FA1F /* PokemonRegionsView */ = {
			isa = PBXGroup;
			children = (
				D34EA0152C04FBA50006FA1F /* PokemonRegionsView.swift */,
				D34EA0182C04FF2A0006FA1F /* PokemonRegionsViewExtension.swift */,
				D34EA01A2C0516C10006FA1F /* PokemonRegionsView+UI.swift */,
			);
			path = PokemonRegionsView;
			sourceTree = "<group>";
		};
		D357B2F52BE3FB4B008CF498 /* Utils */ = {
			isa = PBXGroup;
			children = (
				D357B2F62BE3FB6B008CF498 /* Utils.swift */,
				D36C3CA42BF5775E003EC174 /* Protocols.swift */,
			);
			path = Utils;
			sourceTree = "<group>";
		};
		D36C3CA62BF57AD2003EC174 /* PokemonListView */ = {
			isa = PBXGroup;
			children = (
				D3A36D2D2BE9A637004FDE51 /* PokemonListView+UI.swift */,
				D37A2EDB2A258F1700360CB6 /* PokemonListView.swift */,
				D36C3CA72BF57B03003EC174 /* PokemonListViewExtension.swift */,
			);
			path = PokemonListView;
			sourceTree = "<group>";
		};
		D36C3CA92BF57BE6003EC174 /* PokemonDetailView */ = {
			isa = PBXGroup;
			children = (
				D310B2172BED3A5F008E94A3 /* PokemonDetailView+UI.swift */,
				D3DE8CF02BEA8B300064870F /* PokemonDetailView.swift */,
				D36C3CAA2BF57C32003EC174 /* PokemonDetailViewExtension.swift */,
			);
			path = PokemonDetailView;
			sourceTree = "<group>";
		};
		D37A2E9E2A258D1100360CB6 = {
			isa = PBXGroup;
			children = (
				D37A2EA92A258D1100360CB6 /* ViperPokemon2 */,
				D37A2EC02A258D1100360CB6 /* ViperPokemon2Tests */,
				D37A2ECA2A258D1100360CB6 /* ViperPokemon2UITests */,
				D37A2EA82A258D1100360CB6 /* Products */,
			);
			sourceTree = "<group>";
		};
		D37A2EA82A258D1100360CB6 /* Products */ = {
			isa = PBXGroup;
			children = (
				D37A2EA72A258D1100360CB6 /* ViperPokemon2.app */,
				D37A2EBD2A258D1100360CB6 /* ViperPokemon2Tests.xctest */,
				D37A2EC72A258D1100360CB6 /* ViperPokemon2UITests.xctest */,
			);
			name = Products;
			sourceTree = "<group>";
		};
		D37A2EA92A258D1100360CB6 /* ViperPokemon2 */ = {
			isa = PBXGroup;
			children = (
				D3E24B2E2C078FD000E34D47 /* UIvisualComponents */,
				D30F787C2C016C8C00757878 /* PokemonRegionsModule */,
				D3F6615C2BF6D41900A124E9 /* MovesModule */,
				D3DE8CEF2BEA89650064870F /* PokemonDetailModule */,
				D357B2F52BE3FB4B008CF498 /* Utils */,
				D37A2EDA2A258EBE00360CB6 /* pokemonListModule */,
				D37A2EAA2A258D1100360CB6 /* AppDelegate.swift */,
				D37A2EAC2A258D1100360CB6 /* SceneDelegate.swift */,
				D37A2EAE2A258D1100360CB6 /* ViewController.swift */,
				D37A2EB02A258D1100360CB6 /* Main.storyboard */,
				D37A2EB32A258D1100360CB6 /* Assets.xcassets */,
				D37A2EB52A258D1100360CB6 /* LaunchScreen.storyboard */,
				D37A2EB82A258D1100360CB6 /* Info.plist */,
			);
			path = ViperPokemon2;
			sourceTree = "<group>";
		};
		D37A2EC02A258D1100360CB6 /* ViperPokemon2Tests */ = {
			isa = PBXGroup;
			children = (
				D37A2EC12A258D1100360CB6 /* ViperPokemon2Tests.swift */,
			);
			path = ViperPokemon2Tests;
			sourceTree = "<group>";
		};
		D37A2ECA2A258D1100360CB6 /* ViperPokemon2UITests */ = {
			isa = PBXGroup;
			children = (
				D37A2ECB2A258D1100360CB6 /* ViperPokemon2UITests.swift */,
				D37A2ECD2A258D1100360CB6 /* ViperPokemon2UITestsLaunchTests.swift */,
			);
			path = ViperPokemon2UITests;
			sourceTree = "<group>";
		};
		D37A2EDA2A258EBE00360CB6 /* pokemonListModule */ = {
			isa = PBXGroup;
			children = (
				D3EAAC082BFE6EA800F62BF3 /* pokemonRegionViewCell */,
				D37A2EE32A25900100360CB6 /* Entities */,
				D36C3CA62BF57AD2003EC174 /* PokemonListView */,
				D3A36D2A2BE93C6B004FDE51 /* ConfigurationPokemonCell */,
				D397962A2A26D615006B3271 /* PokemonListViewModel */,
				D37A2EDD2A258F2400360CB6 /* PokemonListPresenter.swift */,
				D37A2EDF2A258F2F00360CB6 /* PokemonListRouter.swift */,
				D37A2EE12A258F4E00360CB6 /* PokemonListInteractor.swift */,
			);
			path = pokemonListModule;
			sourceTree = "<group>";
		};
		D37A2EE32A25900100360CB6 /* Entities */ = {
			isa = PBXGroup;
			children = (
				D37A2EE42A25903200360CB6 /* PokemonListEntity.swift */,
				D37A2EE62A25903E00360CB6 /* PokemonListResponseEntity.swift */,
			);
			path = Entities;
			sourceTree = "<group>";
		};
		D397962A2A26D615006B3271 /* PokemonListViewModel */ = {
			isa = PBXGroup;
			children = (
				D397962B2A26D637006B3271 /* PokemonListViewModel.swift */,
				D397962D2A26D64A006B3271 /* PokemonListMapper.swift */,
			);
			path = PokemonListViewModel;
			sourceTree = "<group>";
		};
		D3A36D2A2BE93C6B004FDE51 /* ConfigurationPokemonCell */ = {
			isa = PBXGroup;
			children = (
				D397962F2A26DDAF006B3271 /* PokemonListViewCell.swift */,
				D3A36D2B2BE93CA1004FDE51 /* PokemonListViewCell+UI.swift */,
			);
			path = ConfigurationPokemonCell;
			sourceTree = "<group>";
		};
		D3B59ED62C06524900416265 /* PokemonEvolutionView */ = {
			isa = PBXGroup;
			children = (
				D3B59ED72C06528800416265 /* PokemonEspeciesEntity.swift */,
			);
			path = PokemonEvolutionView;
			sourceTree = "<group>";
		};
		D3BE953D2BFC0F8E001FC84B /* MovesModuleViews */ = {
			isa = PBXGroup;
			children = (
				D3BE953E2BFC0FB7001FC84B /* MovesModuleView+UI.swift */,
				D3F6615D2BF6D43F00A124E9 /* MovesModuleView.swift */,
				D3BE95402BFC1294001FC84B /* MovesModuleExtension.swift */,
			);
			path = MovesModuleViews;
			sourceTree = "<group>";
		};
		D3DE8CEF2BEA89650064870F /* PokemonDetailModule */ = {
			isa = PBXGroup;
			children = (
				D3B59ED62C06524900416265 /* PokemonEvolutionView */,
				D36C3CA92BF57BE6003EC174 /* PokemonDetailView */,
				D3311FFE2BF42D3100552A08 /* sStatsViewCell */,
				D310B2122BED28F4008E94A3 /* PokemonTypeViewCell */,
				D3DE8CFA2BEA8F0F0064870F /* PokemonDetailViewModel */,
				D3DE8CF22BEA8B440064870F /* PokemonDetailPresenter.swift */,
				D3DE8CF42BEA8B550064870F /* PokemonDetailRouter.swift */,
				D3DE8CF62BEA8B700064870F /* PokemonDetailInteractor.swift */,
				D3DE8CF82BEA8B960064870F /* PokemonDetailEntity.swift */,
			);
			path = PokemonDetailModule;
			sourceTree = "<group>";
		};
		D3DE8CFA2BEA8F0F0064870F /* PokemonDetailViewModel */ = {
			isa = PBXGroup;
			children = (
				D3DE8CFB2BEA8F3F0064870F /* PokemonDetailViewModel.swift */,
				D3DE8CFD2BEA8F540064870F /* PokemonDetailMapper.swift */,
			);
			path = PokemonDetailViewModel;
			sourceTree = "<group>";
		};
		D3E24B2E2C078FD000E34D47 /* UIvisualComponents */ = {
			isa = PBXGroup;
			children = (
				D3E24B2F2C0790E500E34D47 /* UILoadingModalViewController.swift */,
			);
			path = UIvisualComponents;
			sourceTree = "<group>";
		};
		D3EAAC082BFE6EA800F62BF3 /* pokemonRegionViewCell */ = {
			isa = PBXGroup;
			children = (
				D3EAAC062BFE6E9D00F62BF3 /* PokemonRegionViewCell.swift */,
				D3EAAC092BFE6EC200F62BF3 /* PokemonRegionViewCell+ui.swift */,
			);
			path = pokemonRegionViewCell;
			sourceTree = "<group>";
		};
		D3F6615C2BF6D41900A124E9 /* MovesModule */ = {
			isa = PBXGroup;
			children = (
				D3BE953D2BFC0F8E001FC84B /* MovesModuleViews */,
				D3F661672BF6EC8F00A124E9 /* MovesModuleViewModel */,
				D3F6615F2BF6D45300A124E9 /* MovesModulePresenter.swift */,
				D3F661612BF6D46100A124E9 /* MovesModuleEntity.swift */,
				D3F661632BF6D46D00A124E9 /* MovesModuleRouter.swift */,
				D3F661652BF6D47B00A124E9 /* MovesModuleInteractor.swift */,
			);
			path = MovesModule;
			sourceTree = "<group>";
		};
		D3F661672BF6EC8F00A124E9 /* MovesModuleViewModel */ = {
			isa = PBXGroup;
			children = (
				D3F661682BF6ECB400A124E9 /* MovesModuleMapper.swift */,
				D3F6616A2BF6ECBE00A124E9 /* MovesModuleViewModel.swift */,
			);
			path = MovesModuleViewModel;
			sourceTree = "<group>";
		};
/* End PBXGroup section */

/* Begin PBXNativeTarget section */
		D37A2EA62A258D1100360CB6 /* ViperPokemon2 */ = {
			isa = PBXNativeTarget;
			buildConfigurationList = D37A2ED12A258D1100360CB6 /* Build configuration list for PBXNativeTarget "ViperPokemon2" */;
			buildPhases = (
				D37A2EA32A258D1100360CB6 /* Sources */,
				D37A2EA42A258D1100360CB6 /* Frameworks */,
				D37A2EA52A258D1100360CB6 /* Resources */,
			);
			buildRules = (
			);
			dependencies = (
			);
			name = ViperPokemon2;
			packageProductDependencies = (
				D39796322A26DDCE006B3271 /* Kingfisher */,
			);
			productName = ViperPokemon2;
			productReference = D37A2EA72A258D1100360CB6 /* ViperPokemon2.app */;
			productType = "com.apple.product-type.application";
		};
		D37A2EBC2A258D1100360CB6 /* ViperPokemon2Tests */ = {
			isa = PBXNativeTarget;
			buildConfigurationList = D37A2ED42A258D1100360CB6 /* Build configuration list for PBXNativeTarget "ViperPokemon2Tests" */;
			buildPhases = (
				D37A2EB92A258D1100360CB6 /* Sources */,
				D37A2EBA2A258D1100360CB6 /* Frameworks */,
				D37A2EBB2A258D1100360CB6 /* Resources */,
			);
			buildRules = (
			);
			dependencies = (
				D37A2EBF2A258D1100360CB6 /* PBXTargetDependency */,
			);
			name = ViperPokemon2Tests;
			productName = ViperPokemon2Tests;
			productReference = D37A2EBD2A258D1100360CB6 /* ViperPokemon2Tests.xctest */;
			productType = "com.apple.product-type.bundle.unit-test";
		};
		D37A2EC62A258D1100360CB6 /* ViperPokemon2UITests */ = {
			isa = PBXNativeTarget;
			buildConfigurationList = D37A2ED72A258D1100360CB6 /* Build configuration list for PBXNativeTarget "ViperPokemon2UITests" */;
			buildPhases = (
				D37A2EC32A258D1100360CB6 /* Sources */,
				D37A2EC42A258D1100360CB6 /* Frameworks */,
				D37A2EC52A258D1100360CB6 /* Resources */,
			);
			buildRules = (
			);
			dependencies = (
				D37A2EC92A258D1100360CB6 /* PBXTargetDependency */,
			);
			name = ViperPokemon2UITests;
			productName = ViperPokemon2UITests;
			productReference = D37A2EC72A258D1100360CB6 /* ViperPokemon2UITests.xctest */;
			productType = "com.apple.product-type.bundle.ui-testing";
		};
/* End PBXNativeTarget section */

/* Begin PBXProject section */
		D37A2E9F2A258D1100360CB6 /* Project object */ = {
			isa = PBXProject;
			attributes = {
				BuildIndependentTargetsInParallel = 1;
				LastSwiftUpdateCheck = 1340;
				LastUpgradeCheck = 1340;
				TargetAttributes = {
					D37A2EA62A258D1100360CB6 = {
						CreatedOnToolsVersion = 13.4.1;
					};
					D37A2EBC2A258D1100360CB6 = {
						CreatedOnToolsVersion = 13.4.1;
						TestTargetID = D37A2EA62A258D1100360CB6;
					};
					D37A2EC62A258D1100360CB6 = {
						CreatedOnToolsVersion = 13.4.1;
						TestTargetID = D37A2EA62A258D1100360CB6;
					};
				};
			};
			buildConfigurationList = D37A2EA22A258D1100360CB6 /* Build configuration list for PBXProject "ViperPokemon2" */;
			compatibilityVersion = "Xcode 13.0";
			developmentRegion = en;
			hasScannedForEncodings = 0;
			knownRegions = (
				en,
				Base,
			);
			mainGroup = D37A2E9E2A258D1100360CB6;
			packageReferences = (
				D39796312A26DDCE006B3271 /* XCRemoteSwiftPackageReference "Kingfisher" */,
			);
			productRefGroup = D37A2EA82A258D1100360CB6 /* Products */;
			projectDirPath = "";
			projectRoot = "";
			targets = (
				D37A2EA62A258D1100360CB6 /* ViperPokemon2 */,
				D37A2EBC2A258D1100360CB6 /* ViperPokemon2Tests */,
				D37A2EC62A258D1100360CB6 /* ViperPokemon2UITests */,
			);
		};
/* End PBXProject section */

/* Begin PBXResourcesBuildPhase section */
		D37A2EA52A258D1100360CB6 /* Resources */ = {
			isa = PBXResourcesBuildPhase;
			buildActionMask = 2147483647;
			files = (
				D37A2EB72A258D1100360CB6 /* LaunchScreen.storyboard in Resources */,
				D37A2EB42A258D1100360CB6 /* Assets.xcassets in Resources */,
				D37A2EB22A258D1100360CB6 /* Main.storyboard in Resources */,
			);
			runOnlyForDeploymentPostprocessing = 0;
		};
		D37A2EBB2A258D1100360CB6 /* Resources */ = {
			isa = PBXResourcesBuildPhase;
			buildActionMask = 2147483647;
			files = (
			);
			runOnlyForDeploymentPostprocessing = 0;
		};
		D37A2EC52A258D1100360CB6 /* Resources */ = {
			isa = PBXResourcesBuildPhase;
			buildActionMask = 2147483647;
			files = (
			);
			runOnlyForDeploymentPostprocessing = 0;
		};
/* End PBXResourcesBuildPhase section */

/* Begin PBXSourcesBuildPhase section */
		D37A2EA32A258D1100360CB6 /* Sources */ = {
			isa = PBXSourcesBuildPhase;
			buildActionMask = 2147483647;
			files = (
				D34EA0102C04F4F30006FA1F /* PokemonRegionsMapper.swift in Sources */,
				D37A2EDC2A258F1700360CB6 /* PokemonListView.swift in Sources */,
				D33120022BF4320000552A08 /* StatsViewCell+UI.swift in Sources */,
				D37A2EAF2A258D1100360CB6 /* ViewController.swift in Sources */,
				D3F6615E2BF6D43F00A124E9 /* MovesModuleView.swift in Sources */,
				D37A2EE02A258F2F00360CB6 /* PokemonListRouter.swift in Sources */,
				D34EA0122C04F5040006FA1F /* PokemonRegionsViewModel.swift in Sources */,
				D3DE8CF52BEA8B550064870F /* PokemonDetailRouter.swift in Sources */,
				D36C3CAD2BF588B2003EC174 /* MovesTableViewCell.swift in Sources */,
				D37A2EDE2A258F2400360CB6 /* PokemonListPresenter.swift in Sources */,
				D3DE8CF32BEA8B440064870F /* PokemonDetailPresenter.swift in Sources */,
				D310B2182BED3A5F008E94A3 /* PokemonDetailView+UI.swift in Sources */,
				D3A36D2C2BE93CA1004FDE51 /* PokemonListViewCell+UI.swift in Sources */,
				D39796302A26DDAF006B3271 /* PokemonListViewCell.swift in Sources */,
				D33120062BF43A7600552A08 /* PokemonDetailCollecionExtension.swift in Sources */,
				D3F6616B2BF6ECBE00A124E9 /* MovesModuleViewModel.swift in Sources */,
				D357B2F72BE3FB6B008CF498 /* Utils.swift in Sources */,
				D37A2EE52A25903200360CB6 /* PokemonListEntity.swift in Sources */,
				D34EA0162C04FBA50006FA1F /* PokemonRegionsView.swift in Sources */,
				D34EA00D2C04EFFF0006FA1F /* PokemonRegionsPresenter.swift in Sources */,
				D34EA0142C04F7820006FA1F /* PokemonRegionsRouter.swift in Sources */,
				D3F661692BF6ECB400A124E9 /* MovesModuleMapper.swift in Sources */,
				D3DE8CF72BEA8B700064870F /* PokemonDetailInteractor.swift in Sources */,
				D3EAAC072BFE6E9D00F62BF3 /* PokemonRegionViewCell.swift in Sources */,
				D3DE8CFE2BEA8F540064870F /* PokemonDetailMapper.swift in Sources */,
				D3F661662BF6D47B00A124E9 /* MovesModuleInteractor.swift in Sources */,
				D36C3CA52BF5775E003EC174 /* Protocols.swift in Sources */,
				D30F78802C01735300757878 /* PokemonRegionsInteractor.swift in Sources */,
				D3BE953F2BFC0FB7001FC84B /* MovesModuleView+UI.swift in Sources */,
				D3F661622BF6D46100A124E9 /* MovesModuleEntity.swift in Sources */,
				D3DE8CFC2BEA8F3F0064870F /* PokemonDetailViewModel.swift in Sources */,
				D310B2142BED290C008E94A3 /* PokemonTypeViewCell.swift in Sources */,
				D3BE95412BFC1294001FC84B /* MovesModuleExtension.swift in Sources */,
				D310B2162BED291C008E94A3 /* PokemonTypeViewCell+UI.swift in Sources */,
				D36C3CA82BF57B03003EC174 /* PokemonListViewExtension.swift in Sources */,
				D37A2EAB2A258D1100360CB6 /* AppDelegate.swift in Sources */,
				D3EAAC0A2BFE6EC200F62BF3 /* PokemonRegionViewCell+ui.swift in Sources */,
				D3B59ED82C06528800416265 /* PokemonEspeciesEntity.swift in Sources */,
				D36C3CAF2BF58CC2003EC174 /* MovesTableViewCell+UI.swift in Sources */,
				D30F787E2C016CBB00757878 /* PokemonRegionsEntity.swift in Sources */,
				D3DE8CF12BEA8B300064870F /* PokemonDetailView.swift in Sources */,
				D33120002BF42D4E00552A08 /* StatsViewCell.swift in Sources */,
				D3F661642BF6D46D00A124E9 /* MovesModuleRouter.swift in Sources */,
				D3DE8CF92BEA8B960064870F /* PokemonDetailEntity.swift in Sources */,
				D37A2EAD2A258D1100360CB6 /* SceneDelegate.swift in Sources */,
				D34EA0192C04FF2A0006FA1F /* PokemonRegionsViewExtension.swift in Sources */,
				D37A2EE72A25903E00360CB6 /* PokemonListResponseEntity.swift in Sources */,
				D3F661602BF6D45300A124E9 /* MovesModulePresenter.swift in Sources */,
				D3A36D2E2BE9A637004FDE51 /* PokemonListView+UI.swift in Sources */,
				D3E24B302C0790E500E34D47 /* UILoadingModalViewController.swift in Sources */,
				D34EA01B2C0516C10006FA1F /* PokemonRegionsView+UI.swift in Sources */,
				D397962C2A26D637006B3271 /* PokemonListViewModel.swift in Sources */,
				D397962E2A26D64A006B3271 /* PokemonListMapper.swift in Sources */,
				D37A2EE22A258F4E00360CB6 /* PokemonListInteractor.swift in Sources */,
				D36C3CAB2BF57C32003EC174 /* PokemonDetailViewExtension.swift in Sources */,
				D33120042BF4368100552A08 /* PokemonDetailTableExtension.swift in Sources */,
			);
			runOnlyForDeploymentPostprocessing = 0;
		};
		D37A2EB92A258D1100360CB6 /* Sources */ = {
			isa = PBXSourcesBuildPhase;
			buildActionMask = 2147483647;
			files = (
				D37A2EC22A258D1100360CB6 /* ViperPokemon2Tests.swift in Sources */,
			);
			runOnlyForDeploymentPostprocessing = 0;
		};
		D37A2EC32A258D1100360CB6 /* Sources */ = {
			isa = PBXSourcesBuildPhase;
			buildActionMask = 2147483647;
			files = (
				D37A2ECE2A258D1100360CB6 /* ViperPokemon2UITestsLaunchTests.swift in Sources */,
				D37A2ECC2A258D1100360CB6 /* ViperPokemon2UITests.swift in Sources */,
			);
			runOnlyForDeploymentPostprocessing = 0;
		};
/* End PBXSourcesBuildPhase section */

/* Begin PBXTargetDependency section */
		D37A2EBF2A258D1100360CB6 /* PBXTargetDependency */ = {
			isa = PBXTargetDependency;
			target = D37A2EA62A258D1100360CB6 /* ViperPokemon2 */;
			targetProxy = D37A2EBE2A258D1100360CB6 /* PBXContainerItemProxy */;
		};
		D37A2EC92A258D1100360CB6 /* PBXTargetDependency */ = {
			isa = PBXTargetDependency;
			target = D37A2EA62A258D1100360CB6 /* ViperPokemon2 */;
			targetProxy = D37A2EC82A258D1100360CB6 /* PBXContainerItemProxy */;
		};
/* End PBXTargetDependency section */

/* Begin PBXVariantGroup section */
		D37A2EB02A258D1100360CB6 /* Main.storyboard */ = {
			isa = PBXVariantGroup;
			children = (
				D37A2EB12A258D1100360CB6 /* Base */,
			);
			name = Main.storyboard;
			sourceTree = "<group>";
		};
		D37A2EB52A258D1100360CB6 /* LaunchScreen.storyboard */ = {
			isa = PBXVariantGroup;
			children = (
				D37A2EB62A258D1100360CB6 /* Base */,
			);
			name = LaunchScreen.storyboard;
			sourceTree = "<group>";
		};
/* End PBXVariantGroup section */

/* Begin XCBuildConfiguration section */
		D37A2ECF2A258D1100360CB6 /* Debug */ = {
			isa = XCBuildConfiguration;
			buildSettings = {
				ALWAYS_SEARCH_USER_PATHS = NO;
				CLANG_ANALYZER_NONNULL = YES;
				CLANG_ANALYZER_NUMBER_OBJECT_CONVERSION = YES_AGGRESSIVE;
				CLANG_CXX_LANGUAGE_STANDARD = "gnu++17";
				CLANG_ENABLE_MODULES = YES;
				CLANG_ENABLE_OBJC_ARC = YES;
				CLANG_ENABLE_OBJC_WEAK = YES;
				CLANG_WARN_BLOCK_CAPTURE_AUTORELEASING = YES;
				CLANG_WARN_BOOL_CONVERSION = YES;
				CLANG_WARN_COMMA = YES;
				CLANG_WARN_CONSTANT_CONVERSION = YES;
				CLANG_WARN_DEPRECATED_OBJC_IMPLEMENTATIONS = YES;
				CLANG_WARN_DIRECT_OBJC_ISA_USAGE = YES_ERROR;
				CLANG_WARN_DOCUMENTATION_COMMENTS = YES;
				CLANG_WARN_EMPTY_BODY = YES;
				CLANG_WARN_ENUM_CONVERSION = YES;
				CLANG_WARN_INFINITE_RECURSION = YES;
				CLANG_WARN_INT_CONVERSION = YES;
				CLANG_WARN_NON_LITERAL_NULL_CONVERSION = YES;
				CLANG_WARN_OBJC_IMPLICIT_RETAIN_SELF = YES;
				CLANG_WARN_OBJC_LITERAL_CONVERSION = YES;
				CLANG_WARN_OBJC_ROOT_CLASS = YES_ERROR;
				CLANG_WARN_QUOTED_INCLUDE_IN_FRAMEWORK_HEADER = YES;
				CLANG_WARN_RANGE_LOOP_ANALYSIS = YES;
				CLANG_WARN_STRICT_PROTOTYPES = YES;
				CLANG_WARN_SUSPICIOUS_MOVE = YES;
				CLANG_WARN_UNGUARDED_AVAILABILITY = YES_AGGRESSIVE;
				CLANG_WARN_UNREACHABLE_CODE = YES;
				CLANG_WARN__DUPLICATE_METHOD_MATCH = YES;
				COPY_PHASE_STRIP = NO;
				DEBUG_INFORMATION_FORMAT = dwarf;
				ENABLE_STRICT_OBJC_MSGSEND = YES;
				ENABLE_TESTABILITY = YES;
				GCC_C_LANGUAGE_STANDARD = gnu11;
				GCC_DYNAMIC_NO_PIC = NO;
				GCC_NO_COMMON_BLOCKS = YES;
				GCC_OPTIMIZATION_LEVEL = 0;
				GCC_PREPROCESSOR_DEFINITIONS = (
					"DEBUG=1",
					"$(inherited)",
				);
				GCC_WARN_64_TO_32_BIT_CONVERSION = YES;
				GCC_WARN_ABOUT_RETURN_TYPE = YES_ERROR;
				GCC_WARN_UNDECLARED_SELECTOR = YES;
				GCC_WARN_UNINITIALIZED_AUTOS = YES_AGGRESSIVE;
				GCC_WARN_UNUSED_FUNCTION = YES;
				GCC_WARN_UNUSED_VARIABLE = YES;
				IPHONEOS_DEPLOYMENT_TARGET = 15.5;
				MTL_ENABLE_DEBUG_INFO = INCLUDE_SOURCE;
				MTL_FAST_MATH = YES;
				ONLY_ACTIVE_ARCH = YES;
				SDKROOT = iphoneos;
				SWIFT_ACTIVE_COMPILATION_CONDITIONS = DEBUG;
				SWIFT_OPTIMIZATION_LEVEL = "-Onone";
			};
			name = Debug;
		};
		D37A2ED02A258D1100360CB6 /* Release */ = {
			isa = XCBuildConfiguration;
			buildSettings = {
				ALWAYS_SEARCH_USER_PATHS = NO;
				CLANG_ANALYZER_NONNULL = YES;
				CLANG_ANALYZER_NUMBER_OBJECT_CONVERSION = YES_AGGRESSIVE;
				CLANG_CXX_LANGUAGE_STANDARD = "gnu++17";
				CLANG_ENABLE_MODULES = YES;
				CLANG_ENABLE_OBJC_ARC = YES;
				CLANG_ENABLE_OBJC_WEAK = YES;
				CLANG_WARN_BLOCK_CAPTURE_AUTORELEASING = YES;
				CLANG_WARN_BOOL_CONVERSION = YES;
				CLANG_WARN_COMMA = YES;
				CLANG_WARN_CONSTANT_CONVERSION = YES;
				CLANG_WARN_DEPRECATED_OBJC_IMPLEMENTATIONS = YES;
				CLANG_WARN_DIRECT_OBJC_ISA_USAGE = YES_ERROR;
				CLANG_WARN_DOCUMENTATION_COMMENTS = YES;
				CLANG_WARN_EMPTY_BODY = YES;
				CLANG_WARN_ENUM_CONVERSION = YES;
				CLANG_WARN_INFINITE_RECURSION = YES;
				CLANG_WARN_INT_CONVERSION = YES;
				CLANG_WARN_NON_LITERAL_NULL_CONVERSION = YES;
				CLANG_WARN_OBJC_IMPLICIT_RETAIN_SELF = YES;
				CLANG_WARN_OBJC_LITERAL_CONVERSION = YES;
				CLANG_WARN_OBJC_ROOT_CLASS = YES_ERROR;
				CLANG_WARN_QUOTED_INCLUDE_IN_FRAMEWORK_HEADER = YES;
				CLANG_WARN_RANGE_LOOP_ANALYSIS = YES;
				CLANG_WARN_STRICT_PROTOTYPES = YES;
				CLANG_WARN_SUSPICIOUS_MOVE = YES;
				CLANG_WARN_UNGUARDED_AVAILABILITY = YES_AGGRESSIVE;
				CLANG_WARN_UNREACHABLE_CODE = YES;
				CLANG_WARN__DUPLICATE_METHOD_MATCH = YES;
				COPY_PHASE_STRIP = NO;
				DEBUG_INFORMATION_FORMAT = "dwarf-with-dsym";
				ENABLE_NS_ASSERTIONS = NO;
				ENABLE_STRICT_OBJC_MSGSEND = YES;
				GCC_C_LANGUAGE_STANDARD = gnu11;
				GCC_NO_COMMON_BLOCKS = YES;
				GCC_WARN_64_TO_32_BIT_CONVERSION = YES;
				GCC_WARN_ABOUT_RETURN_TYPE = YES_ERROR;
				GCC_WARN_UNDECLARED_SELECTOR = YES;
				GCC_WARN_UNINITIALIZED_AUTOS = YES_AGGRESSIVE;
				GCC_WARN_UNUSED_FUNCTION = YES;
				GCC_WARN_UNUSED_VARIABLE = YES;
				IPHONEOS_DEPLOYMENT_TARGET = 15.5;
				MTL_ENABLE_DEBUG_INFO = NO;
				MTL_FAST_MATH = YES;
				SDKROOT = iphoneos;
				SWIFT_COMPILATION_MODE = wholemodule;
				SWIFT_OPTIMIZATION_LEVEL = "-O";
				VALIDATE_PRODUCT = YES;
			};
			name = Release;
		};
		D37A2ED22A258D1100360CB6 /* Debug */ = {
			isa = XCBuildConfiguration;
			buildSettings = {
				ASSETCATALOG_COMPILER_APPICON_NAME = AppIcon;
				ASSETCATALOG_COMPILER_GLOBAL_ACCENT_COLOR_NAME = AccentColor;
				CODE_SIGN_STYLE = Automatic;
				CURRENT_PROJECT_VERSION = 1;
				DEVELOPMENT_TEAM = 8563359T6V;
				GENERATE_INFOPLIST_FILE = YES;
				INFOPLIST_FILE = ViperPokemon2/Info.plist;
				INFOPLIST_KEY_UIApplicationSupportsIndirectInputEvents = YES;
				INFOPLIST_KEY_UILaunchStoryboardName = LaunchScreen;
				INFOPLIST_KEY_UIMainStoryboardFile = Main;
				INFOPLIST_KEY_UISupportedInterfaceOrientations_iPad = "UIInterfaceOrientationPortrait UIInterfaceOrientationPortraitUpsideDown UIInterfaceOrientationLandscapeLeft UIInterfaceOrientationLandscapeRight";
				INFOPLIST_KEY_UISupportedInterfaceOrientations_iPhone = "UIInterfaceOrientationPortrait UIInterfaceOrientationLandscapeLeft UIInterfaceOrientationLandscapeRight";
				LD_RUNPATH_SEARCH_PATHS = (
					"$(inherited)",
					"@executable_path/Frameworks",
				);
				MARKETING_VERSION = 1.0;
				PRODUCT_BUNDLE_IDENTIFIER = com.AdrianSmn.ViperPokemon2;
				PRODUCT_NAME = "$(TARGET_NAME)";
				SWIFT_EMIT_LOC_STRINGS = YES;
				SWIFT_VERSION = 5.0;
				TARGETED_DEVICE_FAMILY = "1,2";
			};
			name = Debug;
		};
		D37A2ED32A258D1100360CB6 /* Release */ = {
			isa = XCBuildConfiguration;
			buildSettings = {
				ASSETCATALOG_COMPILER_APPICON_NAME = AppIcon;
				ASSETCATALOG_COMPILER_GLOBAL_ACCENT_COLOR_NAME = AccentColor;
				CODE_SIGN_STYLE = Automatic;
				CURRENT_PROJECT_VERSION = 1;
				DEVELOPMENT_TEAM = 8563359T6V;
				GENERATE_INFOPLIST_FILE = YES;
				INFOPLIST_FILE = ViperPokemon2/Info.plist;
				INFOPLIST_KEY_UIApplicationSupportsIndirectInputEvents = YES;
				INFOPLIST_KEY_UILaunchStoryboardName = LaunchScreen;
				INFOPLIST_KEY_UIMainStoryboardFile = Main;
				INFOPLIST_KEY_UISupportedInterfaceOrientations_iPad = "UIInterfaceOrientationPortrait UIInterfaceOrientationPortraitUpsideDown UIInterfaceOrientationLandscapeLeft UIInterfaceOrientationLandscapeRight";
				INFOPLIST_KEY_UISupportedInterfaceOrientations_iPhone = "UIInterfaceOrientationPortrait UIInterfaceOrientationLandscapeLeft UIInterfaceOrientationLandscapeRight";
				LD_RUNPATH_SEARCH_PATHS = (
					"$(inherited)",
					"@executable_path/Frameworks",
				);
				MARKETING_VERSION = 1.0;
				PRODUCT_BUNDLE_IDENTIFIER = com.AdrianSmn.ViperPokemon2;
				PRODUCT_NAME = "$(TARGET_NAME)";
				SWIFT_EMIT_LOC_STRINGS = YES;
				SWIFT_VERSION = 5.0;
				TARGETED_DEVICE_FAMILY = "1,2";
			};
			name = Release;
		};
		D37A2ED52A258D1100360CB6 /* Debug */ = {
			isa = XCBuildConfiguration;
			buildSettings = {
				ALWAYS_EMBED_SWIFT_STANDARD_LIBRARIES = YES;
				BUNDLE_LOADER = "$(TEST_HOST)";
				CODE_SIGN_STYLE = Automatic;
				CURRENT_PROJECT_VERSION = 1;
				DEVELOPMENT_TEAM = 8563359T6V;
				GENERATE_INFOPLIST_FILE = YES;
				IPHONEOS_DEPLOYMENT_TARGET = 15.5;
				MARKETING_VERSION = 1.0;
				PRODUCT_BUNDLE_IDENTIFIER = com.AdrianSmn.ViperPokemon2Tests;
				PRODUCT_NAME = "$(TARGET_NAME)";
				SWIFT_EMIT_LOC_STRINGS = NO;
				SWIFT_VERSION = 5.0;
				TARGETED_DEVICE_FAMILY = "1,2";
				TEST_HOST = "$(BUILT_PRODUCTS_DIR)/ViperPokemon2.app/ViperPokemon2";
			};
			name = Debug;
		};
		D37A2ED62A258D1100360CB6 /* Release */ = {
			isa = XCBuildConfiguration;
			buildSettings = {
				ALWAYS_EMBED_SWIFT_STANDARD_LIBRARIES = YES;
				BUNDLE_LOADER = "$(TEST_HOST)";
				CODE_SIGN_STYLE = Automatic;
				CURRENT_PROJECT_VERSION = 1;
				DEVELOPMENT_TEAM = 8563359T6V;
				GENERATE_INFOPLIST_FILE = YES;
				IPHONEOS_DEPLOYMENT_TARGET = 15.5;
				MARKETING_VERSION = 1.0;
				PRODUCT_BUNDLE_IDENTIFIER = com.AdrianSmn.ViperPokemon2Tests;
				PRODUCT_NAME = "$(TARGET_NAME)";
				SWIFT_EMIT_LOC_STRINGS = NO;
				SWIFT_VERSION = 5.0;
				TARGETED_DEVICE_FAMILY = "1,2";
				TEST_HOST = "$(BUILT_PRODUCTS_DIR)/ViperPokemon2.app/ViperPokemon2";
			};
			name = Release;
		};
		D37A2ED82A258D1100360CB6 /* Debug */ = {
			isa = XCBuildConfiguration;
			buildSettings = {
				ALWAYS_EMBED_SWIFT_STANDARD_LIBRARIES = YES;
				CODE_SIGN_STYLE = Automatic;
				CURRENT_PROJECT_VERSION = 1;
				DEVELOPMENT_TEAM = 8563359T6V;
				GENERATE_INFOPLIST_FILE = YES;
				MARKETING_VERSION = 1.0;
				PRODUCT_BUNDLE_IDENTIFIER = com.AdrianSmn.ViperPokemon2UITests;
				PRODUCT_NAME = "$(TARGET_NAME)";
				SWIFT_EMIT_LOC_STRINGS = NO;
				SWIFT_VERSION = 5.0;
				TARGETED_DEVICE_FAMILY = "1,2";
				TEST_TARGET_NAME = ViperPokemon2;
			};
			name = Debug;
		};
		D37A2ED92A258D1100360CB6 /* Release */ = {
			isa = XCBuildConfiguration;
			buildSettings = {
				ALWAYS_EMBED_SWIFT_STANDARD_LIBRARIES = YES;
				CODE_SIGN_STYLE = Automatic;
				CURRENT_PROJECT_VERSION = 1;
				DEVELOPMENT_TEAM = 8563359T6V;
				GENERATE_INFOPLIST_FILE = YES;
				MARKETING_VERSION = 1.0;
				PRODUCT_BUNDLE_IDENTIFIER = com.AdrianSmn.ViperPokemon2UITests;
				PRODUCT_NAME = "$(TARGET_NAME)";
				SWIFT_EMIT_LOC_STRINGS = NO;
				SWIFT_VERSION = 5.0;
				TARGETED_DEVICE_FAMILY = "1,2";
				TEST_TARGET_NAME = ViperPokemon2;
			};
			name = Release;
		};
/* End XCBuildConfiguration section */

/* Begin XCConfigurationList section */
		D37A2EA22A258D1100360CB6 /* Build configuration list for PBXProject "ViperPokemon2" */ = {
			isa = XCConfigurationList;
			buildConfigurations = (
				D37A2ECF2A258D1100360CB6 /* Debug */,
				D37A2ED02A258D1100360CB6 /* Release */,
			);
			defaultConfigurationIsVisible = 0;
			defaultConfigurationName = Release;
		};
		D37A2ED12A258D1100360CB6 /* Build configuration list for PBXNativeTarget "ViperPokemon2" */ = {
			isa = XCConfigurationList;
			buildConfigurations = (
				D37A2ED22A258D1100360CB6 /* Debug */,
				D37A2ED32A258D1100360CB6 /* Release */,
			);
			defaultConfigurationIsVisible = 0;
			defaultConfigurationName = Release;
		};
		D37A2ED42A258D1100360CB6 /* Build configuration list for PBXNativeTarget "ViperPokemon2Tests" */ = {
			isa = XCConfigurationList;
			buildConfigurations = (
				D37A2ED52A258D1100360CB6 /* Debug */,
				D37A2ED62A258D1100360CB6 /* Release */,
			);
			defaultConfigurationIsVisible = 0;
			defaultConfigurationName = Release;
		};
		D37A2ED72A258D1100360CB6 /* Build configuration list for PBXNativeTarget "ViperPokemon2UITests" */ = {
			isa = XCConfigurationList;
			buildConfigurations = (
				D37A2ED82A258D1100360CB6 /* Debug */,
				D37A2ED92A258D1100360CB6 /* Release */,
			);
			defaultConfigurationIsVisible = 0;
			defaultConfigurationName = Release;
		};
/* End XCConfigurationList section */

/* Begin XCRemoteSwiftPackageReference section */
		D39796312A26DDCE006B3271 /* XCRemoteSwiftPackageReference "Kingfisher" */ = {
			isa = XCRemoteSwiftPackageReference;
			repositoryURL = "https://github.com/onevcat/Kingfisher.git";
			requirement = {
				branch = master;
				kind = branch;
			};
		};
/* End XCRemoteSwiftPackageReference section */

/* Begin XCSwiftPackageProductDependency section */
		D39796322A26DDCE006B3271 /* Kingfisher */ = {
			isa = XCSwiftPackageProductDependency;
			package = D39796312A26DDCE006B3271 /* XCRemoteSwiftPackageReference "Kingfisher" */;
			productName = Kingfisher;
		};
/* End XCSwiftPackageProductDependency section */
	};
	rootObject = D37A2E9F2A258D1100360CB6 /* Project object */;
}
